// !$*UTF8*$!
{
	archiveVersion = 1;
	classes = {
	};
	objectVersion = 56;
	objects = {

/* Begin PBXBuildFile section */
		1C3D3162EC4B2771F5B16F52 /* Pods_CurrencyConverter_CurrencyConverterUITests.framework in Frameworks */ = {isa = PBXBuildFile; fileRef = 2713E13467AC52EED423EC5E /* Pods_CurrencyConverter_CurrencyConverterUITests.framework */; };
		80BA07272AF72EE2F4BBEE20 /* Pods_CurrencyConverter.framework in Frameworks */ = {isa = PBXBuildFile; fileRef = 0D7DC237178A882B46DD55BE /* Pods_CurrencyConverter.framework */; };
		8A3B20FBE7F7E31A35576C41 /* Pods_CurrencyConverterTests.framework in Frameworks */ = {isa = PBXBuildFile; fileRef = 0F5E3A65F4BE4FBB32C02A25 /* Pods_CurrencyConverterTests.framework */; };
		DC0404192924DE1600BAAB1A /* AppDelegate.swift in Sources */ = {isa = PBXBuildFile; fileRef = DC0404182924DE1600BAAB1A /* AppDelegate.swift */; };
		DC04041B2924DE1600BAAB1A /* SceneDelegate.swift in Sources */ = {isa = PBXBuildFile; fileRef = DC04041A2924DE1600BAAB1A /* SceneDelegate.swift */; };
		DC0404222924DE1700BAAB1A /* Assets.xcassets in Resources */ = {isa = PBXBuildFile; fileRef = DC0404212924DE1700BAAB1A /* Assets.xcassets */; };
		DC0404252924DE1700BAAB1A /* LaunchScreen.storyboard in Resources */ = {isa = PBXBuildFile; fileRef = DC0404232924DE1700BAAB1A /* LaunchScreen.storyboard */; };
		DC0404302924DE1700BAAB1A /* CurrencyConverterTests.swift in Sources */ = {isa = PBXBuildFile; fileRef = DC04042F2924DE1700BAAB1A /* CurrencyConverterTests.swift */; };
		DC04043A2924DE1700BAAB1A /* CurrencyConverterUITests.swift in Sources */ = {isa = PBXBuildFile; fileRef = DC0404392924DE1700BAAB1A /* CurrencyConverterUITests.swift */; };
		DC04043C2924DE1700BAAB1A /* CurrencyConverterUITestsLaunchTests.swift in Sources */ = {isa = PBXBuildFile; fileRef = DC04043B2924DE1700BAAB1A /* CurrencyConverterUITestsLaunchTests.swift */; };
		DC0404512924E03F00BAAB1A /* ConverterViewController.swift in Sources */ = {isa = PBXBuildFile; fileRef = DC04044F2924E03F00BAAB1A /* ConverterViewController.swift */; };
		DC0404522924E03F00BAAB1A /* ConverterViewController.xib in Resources */ = {isa = PBXBuildFile; fileRef = DC0404502924E03F00BAAB1A /* ConverterViewController.xib */; };
		DC0404542924E05400BAAB1A /* ConverterViewModel.swift in Sources */ = {isa = PBXBuildFile; fileRef = DC0404532924E05400BAAB1A /* ConverterViewModel.swift */; };
		DC04045C292626B100BAAB1A /* Enums.swift in Sources */ = {isa = PBXBuildFile; fileRef = DC040457292626B100BAAB1A /* Enums.swift */; };
		DC04045D292626B100BAAB1A /* NetworkManager.swift in Sources */ = {isa = PBXBuildFile; fileRef = DC040458292626B100BAAB1A /* NetworkManager.swift */; };
		DC04045E292626B100BAAB1A /* NetworkLogger.swift in Sources */ = {isa = PBXBuildFile; fileRef = DC040459292626B100BAAB1A /* NetworkLogger.swift */; };
		DC04045F292626B100BAAB1A /* NetworkReachability.swift in Sources */ = {isa = PBXBuildFile; fileRef = DC04045A292626B100BAAB1A /* NetworkReachability.swift */; };
		DC040460292626B100BAAB1A /* EndPoint.swift in Sources */ = {isa = PBXBuildFile; fileRef = DC04045B292626B100BAAB1A /* EndPoint.swift */; };
		DC040462292626BE00BAAB1A /* Environment.swift in Sources */ = {isa = PBXBuildFile; fileRef = DC040461292626BE00BAAB1A /* Environment.swift */; };
		DC040469292626CA00BAAB1A /* UIViewController+Extensions.swift in Sources */ = {isa = PBXBuildFile; fileRef = DC040465292626CA00BAAB1A /* UIViewController+Extensions.swift */; };
		DC04046A292626CA00BAAB1A /* UIView+Extensions.swift in Sources */ = {isa = PBXBuildFile; fileRef = DC040466292626CA00BAAB1A /* UIView+Extensions.swift */; };
		DC04046B292626CA00BAAB1A /* UIView+AutoLayout.swift in Sources */ = {isa = PBXBuildFile; fileRef = DC040467292626CA00BAAB1A /* UIView+AutoLayout.swift */; };
		DC04046D292626D600BAAB1A /* DataState.swift in Sources */ = {isa = PBXBuildFile; fileRef = DC04046C292626D600BAAB1A /* DataState.swift */; };
		DC04046F292626E000BAAB1A /* Utils.swift in Sources */ = {isa = PBXBuildFile; fileRef = DC04046E292626E000BAAB1A /* Utils.swift */; };
		DC0404722926270600BAAB1A /* Alamofire in Frameworks */ = {isa = PBXBuildFile; productRef = DC0404712926270600BAAB1A /* Alamofire */; };
		DC0404782926276100BAAB1A /* IQKeyboardManagerSwift in Frameworks */ = {isa = PBXBuildFile; productRef = DC0404772926276100BAAB1A /* IQKeyboardManagerSwift */; };
		DC04047B292627A800BAAB1A /* NVActivityIndicatorView in Frameworks */ = {isa = PBXBuildFile; productRef = DC04047A292627A800BAAB1A /* NVActivityIndicatorView */; };
		DC04047D292627A800BAAB1A /* NVActivityIndicatorViewExtended in Frameworks */ = {isa = PBXBuildFile; productRef = DC04047C292627A800BAAB1A /* NVActivityIndicatorViewExtended */; };
		DC04048F2926282A00BAAB1A /* ErrorResponse.swift in Sources */ = {isa = PBXBuildFile; fileRef = DC04048C2926282A00BAAB1A /* ErrorResponse.swift */; };
		DC040492292628A200BAAB1A /* RxCocoa in Frameworks */ = {isa = PBXBuildFile; productRef = DC040491292628A200BAAB1A /* RxCocoa */; };
		DC040494292628A200BAAB1A /* RxSwift in Frameworks */ = {isa = PBXBuildFile; productRef = DC040493292628A200BAAB1A /* RxSwift */; };
		DC8FA58F29276C2500AEDB04 /* ConverterService.swift in Sources */ = {isa = PBXBuildFile; fileRef = DC8FA58E29276C2500AEDB04 /* ConverterService.swift */; };
		DC8FA59129276C4200AEDB04 /* ConverterRepository.swift in Sources */ = {isa = PBXBuildFile; fileRef = DC8FA59029276C4200AEDB04 /* ConverterRepository.swift */; };
		DC8FA593292774F700AEDB04 /* CurrenciesContainerResponse.swift in Sources */ = {isa = PBXBuildFile; fileRef = DC8FA592292774F700AEDB04 /* CurrenciesContainerResponse.swift */; };
		DC8FA595292775C000AEDB04 /* CurrencySymbol.swift in Sources */ = {isa = PBXBuildFile; fileRef = DC8FA594292775C000AEDB04 /* CurrencySymbol.swift */; };
		DC8FA59729277C1E00AEDB04 /* ConvertResult.swift in Sources */ = {isa = PBXBuildFile; fileRef = DC8FA59629277C1E00AEDB04 /* ConvertResult.swift */; };
		DC8FA59929277CC900AEDB04 /* ConvertInfo.swift in Sources */ = {isa = PBXBuildFile; fileRef = DC8FA59829277CC900AEDB04 /* ConvertInfo.swift */; };
		DC8FA59B29277CDA00AEDB04 /* ConvertQuery.swift in Sources */ = {isa = PBXBuildFile; fileRef = DC8FA59A29277CDA00AEDB04 /* ConvertQuery.swift */; };
		DC8FA59D2927841300AEDB04 /* Parser.swift in Sources */ = {isa = PBXBuildFile; fileRef = DC8FA59C2927841300AEDB04 /* Parser.swift */; };
		DC8FA59F2927D5F100AEDB04 /* ConvertUnit.swift in Sources */ = {isa = PBXBuildFile; fileRef = DC8FA59E2927D5F100AEDB04 /* ConvertUnit.swift */; };
/* End PBXBuildFile section */

/* Begin PBXContainerItemProxy section */
		DC04042C2924DE1700BAAB1A /* PBXContainerItemProxy */ = {
			isa = PBXContainerItemProxy;
			containerPortal = DC04040D2924DE1600BAAB1A /* Project object */;
			proxyType = 1;
			remoteGlobalIDString = DC0404142924DE1600BAAB1A;
			remoteInfo = CurrencyConverter;
		};
		DC0404362924DE1700BAAB1A /* PBXContainerItemProxy */ = {
			isa = PBXContainerItemProxy;
			containerPortal = DC04040D2924DE1600BAAB1A /* Project object */;
			proxyType = 1;
			remoteGlobalIDString = DC0404142924DE1600BAAB1A;
			remoteInfo = CurrencyConverter;
		};
/* End PBXContainerItemProxy section */

/* Begin PBXFileReference section */
		0D7DC237178A882B46DD55BE /* Pods_CurrencyConverter.framework */ = {isa = PBXFileReference; explicitFileType = wrapper.framework; includeInIndex = 0; path = Pods_CurrencyConverter.framework; sourceTree = BUILT_PRODUCTS_DIR; };
		0F5E3A65F4BE4FBB32C02A25 /* Pods_CurrencyConverterTests.framework */ = {isa = PBXFileReference; explicitFileType = wrapper.framework; includeInIndex = 0; path = Pods_CurrencyConverterTests.framework; sourceTree = BUILT_PRODUCTS_DIR; };
		12B3B7392987AE99A0D73CC9 /* Pods-CurrencyConverter.release.xcconfig */ = {isa = PBXFileReference; includeInIndex = 1; lastKnownFileType = text.xcconfig; name = "Pods-CurrencyConverter.release.xcconfig"; path = "Target Support Files/Pods-CurrencyConverter/Pods-CurrencyConverter.release.xcconfig"; sourceTree = "<group>"; };
		2713E13467AC52EED423EC5E /* Pods_CurrencyConverter_CurrencyConverterUITests.framework */ = {isa = PBXFileReference; explicitFileType = wrapper.framework; includeInIndex = 0; path = Pods_CurrencyConverter_CurrencyConverterUITests.framework; sourceTree = BUILT_PRODUCTS_DIR; };
		351861F5B3E6954E5F4C1A31 /* Pods-CurrencyConverter.debug.xcconfig */ = {isa = PBXFileReference; includeInIndex = 1; lastKnownFileType = text.xcconfig; name = "Pods-CurrencyConverter.debug.xcconfig"; path = "Target Support Files/Pods-CurrencyConverter/Pods-CurrencyConverter.debug.xcconfig"; sourceTree = "<group>"; };
		3654EA0E2D1BCC0C52D7ECFD /* Pods-CurrencyConverter-CurrencyConverterUITests.debug.xcconfig */ = {isa = PBXFileReference; includeInIndex = 1; lastKnownFileType = text.xcconfig; name = "Pods-CurrencyConverter-CurrencyConverterUITests.debug.xcconfig"; path = "Target Support Files/Pods-CurrencyConverter-CurrencyConverterUITests/Pods-CurrencyConverter-CurrencyConverterUITests.debug.xcconfig"; sourceTree = "<group>"; };
		43CD4CBE3B6EA3905AC59FC2 /* Pods-CurrencyConverterTests.debug.xcconfig */ = {isa = PBXFileReference; includeInIndex = 1; lastKnownFileType = text.xcconfig; name = "Pods-CurrencyConverterTests.debug.xcconfig"; path = "Target Support Files/Pods-CurrencyConverterTests/Pods-CurrencyConverterTests.debug.xcconfig"; sourceTree = "<group>"; };
		49853D664BB8889F8027BC0B /* Pods-CurrencyConverterTests.release.xcconfig */ = {isa = PBXFileReference; includeInIndex = 1; lastKnownFileType = text.xcconfig; name = "Pods-CurrencyConverterTests.release.xcconfig"; path = "Target Support Files/Pods-CurrencyConverterTests/Pods-CurrencyConverterTests.release.xcconfig"; sourceTree = "<group>"; };
		D63AF8A9A295ABF006E5173F /* Pods-CurrencyConverter-CurrencyConverterUITests.release.xcconfig */ = {isa = PBXFileReference; includeInIndex = 1; lastKnownFileType = text.xcconfig; name = "Pods-CurrencyConverter-CurrencyConverterUITests.release.xcconfig"; path = "Target Support Files/Pods-CurrencyConverter-CurrencyConverterUITests/Pods-CurrencyConverter-CurrencyConverterUITests.release.xcconfig"; sourceTree = "<group>"; };
		DC0404152924DE1600BAAB1A /* CurrencyConverter.app */ = {isa = PBXFileReference; explicitFileType = wrapper.application; includeInIndex = 0; path = CurrencyConverter.app; sourceTree = BUILT_PRODUCTS_DIR; };
		DC0404182924DE1600BAAB1A /* AppDelegate.swift */ = {isa = PBXFileReference; lastKnownFileType = sourcecode.swift; path = AppDelegate.swift; sourceTree = "<group>"; };
		DC04041A2924DE1600BAAB1A /* SceneDelegate.swift */ = {isa = PBXFileReference; lastKnownFileType = sourcecode.swift; path = SceneDelegate.swift; sourceTree = "<group>"; };
		DC0404212924DE1700BAAB1A /* Assets.xcassets */ = {isa = PBXFileReference; lastKnownFileType = folder.assetcatalog; path = Assets.xcassets; sourceTree = "<group>"; };
		DC0404242924DE1700BAAB1A /* Base */ = {isa = PBXFileReference; lastKnownFileType = file.storyboard; name = Base; path = Base.lproj/LaunchScreen.storyboard; sourceTree = "<group>"; };
		DC0404262924DE1700BAAB1A /* Info.plist */ = {isa = PBXFileReference; lastKnownFileType = text.plist.xml; path = Info.plist; sourceTree = "<group>"; };
		DC04042B2924DE1700BAAB1A /* CurrencyConverterTests.xctest */ = {isa = PBXFileReference; explicitFileType = wrapper.cfbundle; includeInIndex = 0; path = CurrencyConverterTests.xctest; sourceTree = BUILT_PRODUCTS_DIR; };
		DC04042F2924DE1700BAAB1A /* CurrencyConverterTests.swift */ = {isa = PBXFileReference; lastKnownFileType = sourcecode.swift; path = CurrencyConverterTests.swift; sourceTree = "<group>"; };
		DC0404352924DE1700BAAB1A /* CurrencyConverterUITests.xctest */ = {isa = PBXFileReference; explicitFileType = wrapper.cfbundle; includeInIndex = 0; path = CurrencyConverterUITests.xctest; sourceTree = BUILT_PRODUCTS_DIR; };
		DC0404392924DE1700BAAB1A /* CurrencyConverterUITests.swift */ = {isa = PBXFileReference; lastKnownFileType = sourcecode.swift; path = CurrencyConverterUITests.swift; sourceTree = "<group>"; };
		DC04043B2924DE1700BAAB1A /* CurrencyConverterUITestsLaunchTests.swift */ = {isa = PBXFileReference; lastKnownFileType = sourcecode.swift; path = CurrencyConverterUITestsLaunchTests.swift; sourceTree = "<group>"; };
		DC04044F2924E03F00BAAB1A /* ConverterViewController.swift */ = {isa = PBXFileReference; lastKnownFileType = sourcecode.swift; path = ConverterViewController.swift; sourceTree = "<group>"; };
		DC0404502924E03F00BAAB1A /* ConverterViewController.xib */ = {isa = PBXFileReference; lastKnownFileType = file.xib; path = ConverterViewController.xib; sourceTree = "<group>"; };
		DC0404532924E05400BAAB1A /* ConverterViewModel.swift */ = {isa = PBXFileReference; lastKnownFileType = sourcecode.swift; path = ConverterViewModel.swift; sourceTree = "<group>"; };
		DC040457292626B100BAAB1A /* Enums.swift */ = {isa = PBXFileReference; fileEncoding = 4; lastKnownFileType = sourcecode.swift; path = Enums.swift; sourceTree = "<group>"; };
		DC040458292626B100BAAB1A /* NetworkManager.swift */ = {isa = PBXFileReference; fileEncoding = 4; lastKnownFileType = sourcecode.swift; path = NetworkManager.swift; sourceTree = "<group>"; };
		DC040459292626B100BAAB1A /* NetworkLogger.swift */ = {isa = PBXFileReference; fileEncoding = 4; lastKnownFileType = sourcecode.swift; path = NetworkLogger.swift; sourceTree = "<group>"; };
		DC04045A292626B100BAAB1A /* NetworkReachability.swift */ = {isa = PBXFileReference; fileEncoding = 4; lastKnownFileType = sourcecode.swift; path = NetworkReachability.swift; sourceTree = "<group>"; };
		DC04045B292626B100BAAB1A /* EndPoint.swift */ = {isa = PBXFileReference; fileEncoding = 4; lastKnownFileType = sourcecode.swift; path = EndPoint.swift; sourceTree = "<group>"; };
		DC040461292626BE00BAAB1A /* Environment.swift */ = {isa = PBXFileReference; fileEncoding = 4; lastKnownFileType = sourcecode.swift; path = Environment.swift; sourceTree = "<group>"; };
		DC040465292626CA00BAAB1A /* UIViewController+Extensions.swift */ = {isa = PBXFileReference; fileEncoding = 4; lastKnownFileType = sourcecode.swift; path = "UIViewController+Extensions.swift"; sourceTree = "<group>"; };
		DC040466292626CA00BAAB1A /* UIView+Extensions.swift */ = {isa = PBXFileReference; fileEncoding = 4; lastKnownFileType = sourcecode.swift; path = "UIView+Extensions.swift"; sourceTree = "<group>"; };
		DC040467292626CA00BAAB1A /* UIView+AutoLayout.swift */ = {isa = PBXFileReference; fileEncoding = 4; lastKnownFileType = sourcecode.swift; path = "UIView+AutoLayout.swift"; sourceTree = "<group>"; };
		DC04046C292626D600BAAB1A /* DataState.swift */ = {isa = PBXFileReference; fileEncoding = 4; lastKnownFileType = sourcecode.swift; path = DataState.swift; sourceTree = "<group>"; };
		DC04046E292626E000BAAB1A /* Utils.swift */ = {isa = PBXFileReference; fileEncoding = 4; lastKnownFileType = sourcecode.swift; path = Utils.swift; sourceTree = "<group>"; };
		DC04048C2926282A00BAAB1A /* ErrorResponse.swift */ = {isa = PBXFileReference; fileEncoding = 4; lastKnownFileType = sourcecode.swift; path = ErrorResponse.swift; sourceTree = "<group>"; };
		DC8FA58E29276C2500AEDB04 /* ConverterService.swift */ = {isa = PBXFileReference; lastKnownFileType = sourcecode.swift; path = ConverterService.swift; sourceTree = "<group>"; };
		DC8FA59029276C4200AEDB04 /* ConverterRepository.swift */ = {isa = PBXFileReference; lastKnownFileType = sourcecode.swift; path = ConverterRepository.swift; sourceTree = "<group>"; };
		DC8FA592292774F700AEDB04 /* CurrenciesContainerResponse.swift */ = {isa = PBXFileReference; lastKnownFileType = sourcecode.swift; path = CurrenciesContainerResponse.swift; sourceTree = "<group>"; };
		DC8FA594292775C000AEDB04 /* CurrencySymbol.swift */ = {isa = PBXFileReference; lastKnownFileType = sourcecode.swift; path = CurrencySymbol.swift; sourceTree = "<group>"; };
		DC8FA59629277C1E00AEDB04 /* ConvertResult.swift */ = {isa = PBXFileReference; lastKnownFileType = sourcecode.swift; path = ConvertResult.swift; sourceTree = "<group>"; };
		DC8FA59829277CC900AEDB04 /* ConvertInfo.swift */ = {isa = PBXFileReference; lastKnownFileType = sourcecode.swift; path = ConvertInfo.swift; sourceTree = "<group>"; };
		DC8FA59A29277CDA00AEDB04 /* ConvertQuery.swift */ = {isa = PBXFileReference; lastKnownFileType = sourcecode.swift; path = ConvertQuery.swift; sourceTree = "<group>"; };
		DC8FA59C2927841300AEDB04 /* Parser.swift */ = {isa = PBXFileReference; lastKnownFileType = sourcecode.swift; path = Parser.swift; sourceTree = "<group>"; };
		DC8FA59E2927D5F100AEDB04 /* ConvertUnit.swift */ = {isa = PBXFileReference; lastKnownFileType = sourcecode.swift; path = ConvertUnit.swift; sourceTree = "<group>"; };
/* End PBXFileReference section */

/* Begin PBXFrameworksBuildPhase section */
		DC0404122924DE1600BAAB1A /* Frameworks */ = {
			isa = PBXFrameworksBuildPhase;
			buildActionMask = 2147483647;
			files = (
				DC040492292628A200BAAB1A /* RxCocoa in Frameworks */,
				DC04047B292627A800BAAB1A /* NVActivityIndicatorView in Frameworks */,
				DC0404722926270600BAAB1A /* Alamofire in Frameworks */,
				DC0404782926276100BAAB1A /* IQKeyboardManagerSwift in Frameworks */,
				DC04047D292627A800BAAB1A /* NVActivityIndicatorViewExtended in Frameworks */,
				DC040494292628A200BAAB1A /* RxSwift in Frameworks */,
				80BA07272AF72EE2F4BBEE20 /* Pods_CurrencyConverter.framework in Frameworks */,
			);
			runOnlyForDeploymentPostprocessing = 0;
		};
		DC0404282924DE1700BAAB1A /* Frameworks */ = {
			isa = PBXFrameworksBuildPhase;
			buildActionMask = 2147483647;
			files = (
				8A3B20FBE7F7E31A35576C41 /* Pods_CurrencyConverterTests.framework in Frameworks */,
			);
			runOnlyForDeploymentPostprocessing = 0;
		};
		DC0404322924DE1700BAAB1A /* Frameworks */ = {
			isa = PBXFrameworksBuildPhase;
			buildActionMask = 2147483647;
			files = (
				1C3D3162EC4B2771F5B16F52 /* Pods_CurrencyConverter_CurrencyConverterUITests.framework in Frameworks */,
			);
			runOnlyForDeploymentPostprocessing = 0;
		};
/* End PBXFrameworksBuildPhase section */

/* Begin PBXGroup section */
		7E5E3AD63ECB783DBC8E2289 /* Frameworks */ = {
			isa = PBXGroup;
			children = (
				0D7DC237178A882B46DD55BE /* Pods_CurrencyConverter.framework */,
				2713E13467AC52EED423EC5E /* Pods_CurrencyConverter_CurrencyConverterUITests.framework */,
				0F5E3A65F4BE4FBB32C02A25 /* Pods_CurrencyConverterTests.framework */,
			);
			name = Frameworks;
			sourceTree = "<group>";
		};
		9823D500B06CA4F0852DE6D5 /* Pods */ = {
			isa = PBXGroup;
			children = (
				351861F5B3E6954E5F4C1A31 /* Pods-CurrencyConverter.debug.xcconfig */,
				12B3B7392987AE99A0D73CC9 /* Pods-CurrencyConverter.release.xcconfig */,
				3654EA0E2D1BCC0C52D7ECFD /* Pods-CurrencyConverter-CurrencyConverterUITests.debug.xcconfig */,
				D63AF8A9A295ABF006E5173F /* Pods-CurrencyConverter-CurrencyConverterUITests.release.xcconfig */,
				43CD4CBE3B6EA3905AC59FC2 /* Pods-CurrencyConverterTests.debug.xcconfig */,
				49853D664BB8889F8027BC0B /* Pods-CurrencyConverterTests.release.xcconfig */,
			);
			path = Pods;
			sourceTree = "<group>";
		};
		DC04040C2924DE1600BAAB1A = {
			isa = PBXGroup;
			children = (
				DC0404172924DE1600BAAB1A /* CurrencyConverter */,
				DC04042E2924DE1700BAAB1A /* CurrencyConverterTests */,
				DC0404382924DE1700BAAB1A /* CurrencyConverterUITests */,
				DC0404162924DE1600BAAB1A /* Products */,
				9823D500B06CA4F0852DE6D5 /* Pods */,
				7E5E3AD63ECB783DBC8E2289 /* Frameworks */,
			);
			sourceTree = "<group>";
		};
		DC0404162924DE1600BAAB1A /* Products */ = {
			isa = PBXGroup;
			children = (
				DC0404152924DE1600BAAB1A /* CurrencyConverter.app */,
				DC04042B2924DE1700BAAB1A /* CurrencyConverterTests.xctest */,
				DC0404352924DE1700BAAB1A /* CurrencyConverterUITests.xctest */,
			);
			name = Products;
			sourceTree = "<group>";
		};
		DC0404172924DE1600BAAB1A /* CurrencyConverter */ = {
			isa = PBXGroup;
			children = (
				DC0404482924DFCD00BAAB1A /* Business */,
				DC0404492924DFD500BAAB1A /* Domain */,
				DC04044A2924DFDB00BAAB1A /* Presentation */,
				DC04044B2924DFE200BAAB1A /* Shared */,
			);
			path = CurrencyConverter;
			sourceTree = "<group>";
		};
		DC04042E2924DE1700BAAB1A /* CurrencyConverterTests */ = {
			isa = PBXGroup;
			children = (
				DC04042F2924DE1700BAAB1A /* CurrencyConverterTests.swift */,
			);
			path = CurrencyConverterTests;
			sourceTree = "<group>";
		};
		DC0404382924DE1700BAAB1A /* CurrencyConverterUITests */ = {
			isa = PBXGroup;
			children = (
				DC0404392924DE1700BAAB1A /* CurrencyConverterUITests.swift */,
				DC04043B2924DE1700BAAB1A /* CurrencyConverterUITestsLaunchTests.swift */,
			);
			path = CurrencyConverterUITests;
			sourceTree = "<group>";
		};
		DC0404482924DFCD00BAAB1A /* Business */ = {
			isa = PBXGroup;
			children = (
				DC8FA58D292768C800AEDB04 /* Repositories */,
				DC8FA58C292768BA00AEDB04 /* Services */,
			);
			path = Business;
			sourceTree = "<group>";
		};
		DC0404492924DFD500BAAB1A /* Domain */ = {
			isa = PBXGroup;
			children = (
				DC0404892926282A00BAAB1A /* Entities */,
			);
			path = Domain;
			sourceTree = "<group>";
		};
		DC04044A2924DFDB00BAAB1A /* Presentation */ = {
			isa = PBXGroup;
			children = (
				DC04044C2924DFEE00BAAB1A /* Converter */,
			);
			path = Presentation;
			sourceTree = "<group>";
		};
		DC04044B2924DFE200BAAB1A /* Shared */ = {
			isa = PBXGroup;
			children = (
				DC040455292626B100BAAB1A /* Infrastructure */,
				DC0404182924DE1600BAAB1A /* AppDelegate.swift */,
				DC040461292626BE00BAAB1A /* Environment.swift */,
				DC04041A2924DE1600BAAB1A /* SceneDelegate.swift */,
				DC040463292626CA00BAAB1A /* Extensions */,
				DC0404212924DE1700BAAB1A /* Assets.xcassets */,
				DC04046C292626D600BAAB1A /* DataState.swift */,
				DC04046E292626E000BAAB1A /* Utils.swift */,
				DC0404232924DE1700BAAB1A /* LaunchScreen.storyboard */,
				DC0404262924DE1700BAAB1A /* Info.plist */,
			);
			path = Shared;
			sourceTree = "<group>";
		};
		DC04044C2924DFEE00BAAB1A /* Converter */ = {
			isa = PBXGroup;
			children = (
				DC04044E2924DFFF00BAAB1A /* ViewModel */,
				DC04044D2924DFF600BAAB1A /* View */,
			);
			path = Converter;
			sourceTree = "<group>";
		};
		DC04044D2924DFF600BAAB1A /* View */ = {
			isa = PBXGroup;
			children = (
				DC04044F2924E03F00BAAB1A /* ConverterViewController.swift */,
				DC0404502924E03F00BAAB1A /* ConverterViewController.xib */,
			);
			path = View;
			sourceTree = "<group>";
		};
		DC04044E2924DFFF00BAAB1A /* ViewModel */ = {
			isa = PBXGroup;
			children = (
				DC0404532924E05400BAAB1A /* ConverterViewModel.swift */,
			);
			path = ViewModel;
			sourceTree = "<group>";
		};
		DC040455292626B100BAAB1A /* Infrastructure */ = {
			isa = PBXGroup;
			children = (
				DC040456292626B100BAAB1A /* Networking */,
			);
			path = Infrastructure;
			sourceTree = "<group>";
		};
		DC040456292626B100BAAB1A /* Networking */ = {
			isa = PBXGroup;
			children = (
				DC040457292626B100BAAB1A /* Enums.swift */,
				DC040458292626B100BAAB1A /* NetworkManager.swift */,
				DC040459292626B100BAAB1A /* NetworkLogger.swift */,
				DC04045A292626B100BAAB1A /* NetworkReachability.swift */,
				DC04045B292626B100BAAB1A /* EndPoint.swift */,
				DC8FA59C2927841300AEDB04 /* Parser.swift */,
			);
			path = Networking;
			sourceTree = "<group>";
		};
		DC040463292626CA00BAAB1A /* Extensions */ = {
			isa = PBXGroup;
			children = (
				DC040465292626CA00BAAB1A /* UIViewController+Extensions.swift */,
				DC040466292626CA00BAAB1A /* UIView+Extensions.swift */,
				DC040467292626CA00BAAB1A /* UIView+AutoLayout.swift */,
			);
			path = Extensions;
			sourceTree = "<group>";
		};
		DC0404892926282A00BAAB1A /* Entities */ = {
			isa = PBXGroup;
			children = (
				DC04048C2926282A00BAAB1A /* ErrorResponse.swift */,
				DC8FA592292774F700AEDB04 /* CurrenciesContainerResponse.swift */,
				DC8FA594292775C000AEDB04 /* CurrencySymbol.swift */,
				DC8FA59629277C1E00AEDB04 /* ConvertResult.swift */,
				DC8FA59829277CC900AEDB04 /* ConvertInfo.swift */,
				DC8FA59A29277CDA00AEDB04 /* ConvertQuery.swift */,
				DC8FA59E2927D5F100AEDB04 /* ConvertUnit.swift */,
			);
			path = Entities;
			sourceTree = "<group>";
		};
		DC8FA58C292768BA00AEDB04 /* Services */ = {
			isa = PBXGroup;
			children = (
				DC8FA58E29276C2500AEDB04 /* ConverterService.swift */,
			);
			path = Services;
			sourceTree = "<group>";
		};
		DC8FA58D292768C800AEDB04 /* Repositories */ = {
			isa = PBXGroup;
			children = (
				DC8FA59029276C4200AEDB04 /* ConverterRepository.swift */,
			);
			path = Repositories;
			sourceTree = "<group>";
		};
/* End PBXGroup section */

/* Begin PBXNativeTarget section */
		DC0404142924DE1600BAAB1A /* CurrencyConverter */ = {
			isa = PBXNativeTarget;
			buildConfigurationList = DC04043F2924DE1700BAAB1A /* Build configuration list for PBXNativeTarget "CurrencyConverter" */;
			buildPhases = (
				E6B25391A39B76FEF100AC7A /* [CP] Check Pods Manifest.lock */,
				DC0404112924DE1600BAAB1A /* Sources */,
				DC0404122924DE1600BAAB1A /* Frameworks */,
				DC0404132924DE1600BAAB1A /* Resources */,
				475A6B4035921FA2A955044B /* [CP] Embed Pods Frameworks */,
			);
			buildRules = (
			);
			dependencies = (
			);
			name = CurrencyConverter;
			packageProductDependencies = (
				DC0404712926270600BAAB1A /* Alamofire */,
				DC0404772926276100BAAB1A /* IQKeyboardManagerSwift */,
				DC04047A292627A800BAAB1A /* NVActivityIndicatorView */,
				DC04047C292627A800BAAB1A /* NVActivityIndicatorViewExtended */,
				DC040491292628A200BAAB1A /* RxCocoa */,
				DC040493292628A200BAAB1A /* RxSwift */,
			);
			productName = CurrencyConverter;
			productReference = DC0404152924DE1600BAAB1A /* CurrencyConverter.app */;
			productType = "com.apple.product-type.application";
		};
		DC04042A2924DE1700BAAB1A /* CurrencyConverterTests */ = {
			isa = PBXNativeTarget;
			buildConfigurationList = DC0404422924DE1700BAAB1A /* Build configuration list for PBXNativeTarget "CurrencyConverterTests" */;
			buildPhases = (
				D8C4C9C93EE735765CA1BE4C /* [CP] Check Pods Manifest.lock */,
				DC0404272924DE1700BAAB1A /* Sources */,
				DC0404282924DE1700BAAB1A /* Frameworks */,
				DC0404292924DE1700BAAB1A /* Resources */,
			);
			buildRules = (
			);
			dependencies = (
				DC04042D2924DE1700BAAB1A /* PBXTargetDependency */,
			);
			name = CurrencyConverterTests;
			productName = CurrencyConverterTests;
			productReference = DC04042B2924DE1700BAAB1A /* CurrencyConverterTests.xctest */;
			productType = "com.apple.product-type.bundle.unit-test";
		};
		DC0404342924DE1700BAAB1A /* CurrencyConverterUITests */ = {
			isa = PBXNativeTarget;
			buildConfigurationList = DC0404452924DE1700BAAB1A /* Build configuration list for PBXNativeTarget "CurrencyConverterUITests" */;
			buildPhases = (
				CC13FD605FB37E768A47D072 /* [CP] Check Pods Manifest.lock */,
				DC0404312924DE1700BAAB1A /* Sources */,
				DC0404322924DE1700BAAB1A /* Frameworks */,
				DC0404332924DE1700BAAB1A /* Resources */,
				6D55410A8672ABA25C966FCC /* [CP] Embed Pods Frameworks */,
			);
			buildRules = (
			);
			dependencies = (
				DC0404372924DE1700BAAB1A /* PBXTargetDependency */,
			);
			name = CurrencyConverterUITests;
			productName = CurrencyConverterUITests;
			productReference = DC0404352924DE1700BAAB1A /* CurrencyConverterUITests.xctest */;
			productType = "com.apple.product-type.bundle.ui-testing";
		};
/* End PBXNativeTarget section */

/* Begin PBXProject section */
		DC04040D2924DE1600BAAB1A /* Project object */ = {
			isa = PBXProject;
			attributes = {
				BuildIndependentTargetsInParallel = 1;
				LastSwiftUpdateCheck = 1410;
				LastUpgradeCheck = 1410;
				TargetAttributes = {
					DC0404142924DE1600BAAB1A = {
						CreatedOnToolsVersion = 14.1;
					};
					DC04042A2924DE1700BAAB1A = {
						CreatedOnToolsVersion = 14.1;
						TestTargetID = DC0404142924DE1600BAAB1A;
					};
					DC0404342924DE1700BAAB1A = {
						CreatedOnToolsVersion = 14.1;
						TestTargetID = DC0404142924DE1600BAAB1A;
					};
				};
			};
			buildConfigurationList = DC0404102924DE1600BAAB1A /* Build configuration list for PBXProject "CurrencyConverter" */;
			compatibilityVersion = "Xcode 14.0";
			developmentRegion = en;
			hasScannedForEncodings = 0;
			knownRegions = (
				en,
				Base,
			);
			mainGroup = DC04040C2924DE1600BAAB1A;
			packageReferences = (
				DC0404702926270600BAAB1A /* XCRemoteSwiftPackageReference "Alamofire" */,
				DC0404762926276100BAAB1A /* XCRemoteSwiftPackageReference "IQKeyboardManager" */,
				DC040479292627A800BAAB1A /* XCRemoteSwiftPackageReference "NVActivityIndicatorView" */,
				DC040490292628A200BAAB1A /* XCRemoteSwiftPackageReference "RxSwift" */,
			);
			productRefGroup = DC0404162924DE1600BAAB1A /* Products */;
			projectDirPath = "";
			projectRoot = "";
			targets = (
				DC0404142924DE1600BAAB1A /* CurrencyConverter */,
				DC04042A2924DE1700BAAB1A /* CurrencyConverterTests */,
				DC0404342924DE1700BAAB1A /* CurrencyConverterUITests */,
			);
		};
/* End PBXProject section */

/* Begin PBXResourcesBuildPhase section */
		DC0404132924DE1600BAAB1A /* Resources */ = {
			isa = PBXResourcesBuildPhase;
			buildActionMask = 2147483647;
			files = (
				DC0404252924DE1700BAAB1A /* LaunchScreen.storyboard in Resources */,
				DC0404522924E03F00BAAB1A /* ConverterViewController.xib in Resources */,
				DC0404222924DE1700BAAB1A /* Assets.xcassets in Resources */,
			);
			runOnlyForDeploymentPostprocessing = 0;
		};
		DC0404292924DE1700BAAB1A /* Resources */ = {
			isa = PBXResourcesBuildPhase;
			buildActionMask = 2147483647;
			files = (
			);
			runOnlyForDeploymentPostprocessing = 0;
		};
		DC0404332924DE1700BAAB1A /* Resources */ = {
			isa = PBXResourcesBuildPhase;
			buildActionMask = 2147483647;
			files = (
			);
			runOnlyForDeploymentPostprocessing = 0;
		};
/* End PBXResourcesBuildPhase section */

/* Begin PBXShellScriptBuildPhase section */
		475A6B4035921FA2A955044B /* [CP] Embed Pods Frameworks */ = {
			isa = PBXShellScriptBuildPhase;
			buildActionMask = 2147483647;
			files = (
			);
			inputFileListPaths = (
				"${PODS_ROOT}/Target Support Files/Pods-CurrencyConverter/Pods-CurrencyConverter-frameworks-${CONFIGURATION}-input-files.xcfilelist",
			);
			name = "[CP] Embed Pods Frameworks";
			outputFileListPaths = (
				"${PODS_ROOT}/Target Support Files/Pods-CurrencyConverter/Pods-CurrencyConverter-frameworks-${CONFIGURATION}-output-files.xcfilelist",
			);
			runOnlyForDeploymentPostprocessing = 0;
			shellPath = /bin/sh;
			shellScript = "\"${PODS_ROOT}/Target Support Files/Pods-CurrencyConverter/Pods-CurrencyConverter-frameworks.sh\"\n";
			showEnvVarsInLog = 0;
		};
		6D55410A8672ABA25C966FCC /* [CP] Embed Pods Frameworks */ = {
			isa = PBXShellScriptBuildPhase;
			buildActionMask = 2147483647;
			files = (
			);
			inputFileListPaths = (
				"${PODS_ROOT}/Target Support Files/Pods-CurrencyConverter-CurrencyConverterUITests/Pods-CurrencyConverter-CurrencyConverterUITests-frameworks-${CONFIGURATION}-input-files.xcfilelist",
			);
			name = "[CP] Embed Pods Frameworks";
			outputFileListPaths = (
				"${PODS_ROOT}/Target Support Files/Pods-CurrencyConverter-CurrencyConverterUITests/Pods-CurrencyConverter-CurrencyConverterUITests-frameworks-${CONFIGURATION}-output-files.xcfilelist",
			);
			runOnlyForDeploymentPostprocessing = 0;
			shellPath = /bin/sh;
			shellScript = "\"${PODS_ROOT}/Target Support Files/Pods-CurrencyConverter-CurrencyConverterUITests/Pods-CurrencyConverter-CurrencyConverterUITests-frameworks.sh\"\n";
			showEnvVarsInLog = 0;
		};
		CC13FD605FB37E768A47D072 /* [CP] Check Pods Manifest.lock */ = {
			isa = PBXShellScriptBuildPhase;
			buildActionMask = 2147483647;
			files = (
			);
			inputFileListPaths = (
			);
			inputPaths = (
				"${PODS_PODFILE_DIR_PATH}/Podfile.lock",
				"${PODS_ROOT}/Manifest.lock",
			);
			name = "[CP] Check Pods Manifest.lock";
			outputFileListPaths = (
			);
			outputPaths = (
				"$(DERIVED_FILE_DIR)/Pods-CurrencyConverter-CurrencyConverterUITests-checkManifestLockResult.txt",
			);
			runOnlyForDeploymentPostprocessing = 0;
			shellPath = /bin/sh;
			shellScript = "diff \"${PODS_PODFILE_DIR_PATH}/Podfile.lock\" \"${PODS_ROOT}/Manifest.lock\" > /dev/null\nif [ $? != 0 ] ; then\n    # print error to STDERR\n    echo \"error: The sandbox is not in sync with the Podfile.lock. Run 'pod install' or update your CocoaPods installation.\" >&2\n    exit 1\nfi\n# This output is used by Xcode 'outputs' to avoid re-running this script phase.\necho \"SUCCESS\" > \"${SCRIPT_OUTPUT_FILE_0}\"\n";
			showEnvVarsInLog = 0;
		};
		D8C4C9C93EE735765CA1BE4C /* [CP] Check Pods Manifest.lock */ = {
			isa = PBXShellScriptBuildPhase;
			buildActionMask = 2147483647;
			files = (
			);
			inputFileListPaths = (
			);
			inputPaths = (
				"${PODS_PODFILE_DIR_PATH}/Podfile.lock",
				"${PODS_ROOT}/Manifest.lock",
			);
			name = "[CP] Check Pods Manifest.lock";
			outputFileListPaths = (
			);
			outputPaths = (
				"$(DERIVED_FILE_DIR)/Pods-CurrencyConverterTests-checkManifestLockResult.txt",
			);
			runOnlyForDeploymentPostprocessing = 0;
			shellPath = /bin/sh;
			shellScript = "diff \"${PODS_PODFILE_DIR_PATH}/Podfile.lock\" \"${PODS_ROOT}/Manifest.lock\" > /dev/null\nif [ $? != 0 ] ; then\n    # print error to STDERR\n    echo \"error: The sandbox is not in sync with the Podfile.lock. Run 'pod install' or update your CocoaPods installation.\" >&2\n    exit 1\nfi\n# This output is used by Xcode 'outputs' to avoid re-running this script phase.\necho \"SUCCESS\" > \"${SCRIPT_OUTPUT_FILE_0}\"\n";
			showEnvVarsInLog = 0;
		};
		E6B25391A39B76FEF100AC7A /* [CP] Check Pods Manifest.lock */ = {
			isa = PBXShellScriptBuildPhase;
			buildActionMask = 2147483647;
			files = (
			);
			inputFileListPaths = (
			);
			inputPaths = (
				"${PODS_PODFILE_DIR_PATH}/Podfile.lock",
				"${PODS_ROOT}/Manifest.lock",
			);
			name = "[CP] Check Pods Manifest.lock";
			outputFileListPaths = (
			);
			outputPaths = (
				"$(DERIVED_FILE_DIR)/Pods-CurrencyConverter-checkManifestLockResult.txt",
			);
			runOnlyForDeploymentPostprocessing = 0;
			shellPath = /bin/sh;
			shellScript = "diff \"${PODS_PODFILE_DIR_PATH}/Podfile.lock\" \"${PODS_ROOT}/Manifest.lock\" > /dev/null\nif [ $? != 0 ] ; then\n    # print error to STDERR\n    echo \"error: The sandbox is not in sync with the Podfile.lock. Run 'pod install' or update your CocoaPods installation.\" >&2\n    exit 1\nfi\n# This output is used by Xcode 'outputs' to avoid re-running this script phase.\necho \"SUCCESS\" > \"${SCRIPT_OUTPUT_FILE_0}\"\n";
			showEnvVarsInLog = 0;
		};
/* End PBXShellScriptBuildPhase section */

/* Begin PBXSourcesBuildPhase section */
		DC0404112924DE1600BAAB1A /* Sources */ = {
			isa = PBXSourcesBuildPhase;
			buildActionMask = 2147483647;
			files = (
				DC04045E292626B100BAAB1A /* NetworkLogger.swift in Sources */,
				DC04045D292626B100BAAB1A /* NetworkManager.swift in Sources */,
				DC0404192924DE1600BAAB1A /* AppDelegate.swift in Sources */,
				DC8FA595292775C000AEDB04 /* CurrencySymbol.swift in Sources */,
				DC8FA59729277C1E00AEDB04 /* ConvertResult.swift in Sources */,
				DC04046B292626CA00BAAB1A /* UIView+AutoLayout.swift in Sources */,
				DC040460292626B100BAAB1A /* EndPoint.swift in Sources */,
				DC8FA59929277CC900AEDB04 /* ConvertInfo.swift in Sources */,
				DC040469292626CA00BAAB1A /* UIViewController+Extensions.swift in Sources */,
				DC04046A292626CA00BAAB1A /* UIView+Extensions.swift in Sources */,
				DC04046F292626E000BAAB1A /* Utils.swift in Sources */,
				DC04041B2924DE1600BAAB1A /* SceneDelegate.swift in Sources */,
				DC04045C292626B100BAAB1A /* Enums.swift in Sources */,
				DC0404512924E03F00BAAB1A /* ConverterViewController.swift in Sources */,
				DC8FA59F2927D5F100AEDB04 /* ConvertUnit.swift in Sources */,
				DC0404542924E05400BAAB1A /* ConverterViewModel.swift in Sources */,
				DC04046D292626D600BAAB1A /* DataState.swift in Sources */,
				DC8FA59D2927841300AEDB04 /* Parser.swift in Sources */,
				DC04048F2926282A00BAAB1A /* ErrorResponse.swift in Sources */,
				DC8FA593292774F700AEDB04 /* CurrenciesContainerResponse.swift in Sources */,
				DC8FA59129276C4200AEDB04 /* ConverterRepository.swift in Sources */,
				DC8FA59B29277CDA00AEDB04 /* ConvertQuery.swift in Sources */,
				DC04045F292626B100BAAB1A /* NetworkReachability.swift in Sources */,
				DC8FA58F29276C2500AEDB04 /* ConverterService.swift in Sources */,
				DC040462292626BE00BAAB1A /* Environment.swift in Sources */,
			);
			runOnlyForDeploymentPostprocessing = 0;
		};
		DC0404272924DE1700BAAB1A /* Sources */ = {
			isa = PBXSourcesBuildPhase;
			buildActionMask = 2147483647;
			files = (
				DC0404302924DE1700BAAB1A /* CurrencyConverterTests.swift in Sources */,
			);
			runOnlyForDeploymentPostprocessing = 0;
		};
		DC0404312924DE1700BAAB1A /* Sources */ = {
			isa = PBXSourcesBuildPhase;
			buildActionMask = 2147483647;
			files = (
				DC04043C2924DE1700BAAB1A /* CurrencyConverterUITestsLaunchTests.swift in Sources */,
				DC04043A2924DE1700BAAB1A /* CurrencyConverterUITests.swift in Sources */,
			);
			runOnlyForDeploymentPostprocessing = 0;
		};
/* End PBXSourcesBuildPhase section */

/* Begin PBXTargetDependency section */
		DC04042D2924DE1700BAAB1A /* PBXTargetDependency */ = {
			isa = PBXTargetDependency;
			target = DC0404142924DE1600BAAB1A /* CurrencyConverter */;
			targetProxy = DC04042C2924DE1700BAAB1A /* PBXContainerItemProxy */;
		};
		DC0404372924DE1700BAAB1A /* PBXTargetDependency */ = {
			isa = PBXTargetDependency;
			target = DC0404142924DE1600BAAB1A /* CurrencyConverter */;
			targetProxy = DC0404362924DE1700BAAB1A /* PBXContainerItemProxy */;
		};
/* End PBXTargetDependency section */

/* Begin PBXVariantGroup section */
		DC0404232924DE1700BAAB1A /* LaunchScreen.storyboard */ = {
			isa = PBXVariantGroup;
			children = (
				DC0404242924DE1700BAAB1A /* Base */,
			);
			name = LaunchScreen.storyboard;
			sourceTree = "<group>";
		};
/* End PBXVariantGroup section */

/* Begin XCBuildConfiguration section */
		DC04043D2924DE1700BAAB1A /* Debug */ = {
			isa = XCBuildConfiguration;
			buildSettings = {
				ALWAYS_SEARCH_USER_PATHS = NO;
				CLANG_ANALYZER_NONNULL = YES;
				CLANG_ANALYZER_NUMBER_OBJECT_CONVERSION = YES_AGGRESSIVE;
				CLANG_CXX_LANGUAGE_STANDARD = "gnu++20";
				CLANG_ENABLE_MODULES = YES;
				CLANG_ENABLE_OBJC_ARC = YES;
				CLANG_ENABLE_OBJC_WEAK = YES;
				CLANG_WARN_BLOCK_CAPTURE_AUTORELEASING = YES;
				CLANG_WARN_BOOL_CONVERSION = YES;
				CLANG_WARN_COMMA = YES;
				CLANG_WARN_CONSTANT_CONVERSION = YES;
				CLANG_WARN_DEPRECATED_OBJC_IMPLEMENTATIONS = YES;
				CLANG_WARN_DIRECT_OBJC_ISA_USAGE = YES_ERROR;
				CLANG_WARN_DOCUMENTATION_COMMENTS = YES;
				CLANG_WARN_EMPTY_BODY = YES;
				CLANG_WARN_ENUM_CONVERSION = YES;
				CLANG_WARN_INFINITE_RECURSION = YES;
				CLANG_WARN_INT_CONVERSION = YES;
				CLANG_WARN_NON_LITERAL_NULL_CONVERSION = YES;
				CLANG_WARN_OBJC_IMPLICIT_RETAIN_SELF = YES;
				CLANG_WARN_OBJC_LITERAL_CONVERSION = YES;
				CLANG_WARN_OBJC_ROOT_CLASS = YES_ERROR;
				CLANG_WARN_QUOTED_INCLUDE_IN_FRAMEWORK_HEADER = YES;
				CLANG_WARN_RANGE_LOOP_ANALYSIS = YES;
				CLANG_WARN_STRICT_PROTOTYPES = YES;
				CLANG_WARN_SUSPICIOUS_MOVE = YES;
				CLANG_WARN_UNGUARDED_AVAILABILITY = YES_AGGRESSIVE;
				CLANG_WARN_UNREACHABLE_CODE = YES;
				CLANG_WARN__DUPLICATE_METHOD_MATCH = YES;
				COPY_PHASE_STRIP = NO;
				DEBUG_INFORMATION_FORMAT = dwarf;
				ENABLE_STRICT_OBJC_MSGSEND = YES;
				ENABLE_TESTABILITY = YES;
				GCC_C_LANGUAGE_STANDARD = gnu11;
				GCC_DYNAMIC_NO_PIC = NO;
				GCC_NO_COMMON_BLOCKS = YES;
				GCC_OPTIMIZATION_LEVEL = 0;
				GCC_PREPROCESSOR_DEFINITIONS = (
					"DEBUG=1",
					"$(inherited)",
				);
				GCC_WARN_64_TO_32_BIT_CONVERSION = YES;
				GCC_WARN_ABOUT_RETURN_TYPE = YES_ERROR;
				GCC_WARN_UNDECLARED_SELECTOR = YES;
				GCC_WARN_UNINITIALIZED_AUTOS = YES_AGGRESSIVE;
				GCC_WARN_UNUSED_FUNCTION = YES;
				GCC_WARN_UNUSED_VARIABLE = YES;
				IPHONEOS_DEPLOYMENT_TARGET = 14.0;
				MTL_ENABLE_DEBUG_INFO = INCLUDE_SOURCE;
				MTL_FAST_MATH = YES;
				ONLY_ACTIVE_ARCH = YES;
				SDKROOT = iphoneos;
				SWIFT_ACTIVE_COMPILATION_CONDITIONS = DEBUG;
				SWIFT_OPTIMIZATION_LEVEL = "-Onone";
			};
			name = Debug;
		};
		DC04043E2924DE1700BAAB1A /* Release */ = {
			isa = XCBuildConfiguration;
			buildSettings = {
				ALWAYS_SEARCH_USER_PATHS = NO;
				CLANG_ANALYZER_NONNULL = YES;
				CLANG_ANALYZER_NUMBER_OBJECT_CONVERSION = YES_AGGRESSIVE;
				CLANG_CXX_LANGUAGE_STANDARD = "gnu++20";
				CLANG_ENABLE_MODULES = YES;
				CLANG_ENABLE_OBJC_ARC = YES;
				CLANG_ENABLE_OBJC_WEAK = YES;
				CLANG_WARN_BLOCK_CAPTURE_AUTORELEASING = YES;
				CLANG_WARN_BOOL_CONVERSION = YES;
				CLANG_WARN_COMMA = YES;
				CLANG_WARN_CONSTANT_CONVERSION = YES;
				CLANG_WARN_DEPRECATED_OBJC_IMPLEMENTATIONS = YES;
				CLANG_WARN_DIRECT_OBJC_ISA_USAGE = YES_ERROR;
				CLANG_WARN_DOCUMENTATION_COMMENTS = YES;
				CLANG_WARN_EMPTY_BODY = YES;
				CLANG_WARN_ENUM_CONVERSION = YES;
				CLANG_WARN_INFINITE_RECURSION = YES;
				CLANG_WARN_INT_CONVERSION = YES;
				CLANG_WARN_NON_LITERAL_NULL_CONVERSION = YES;
				CLANG_WARN_OBJC_IMPLICIT_RETAIN_SELF = YES;
				CLANG_WARN_OBJC_LITERAL_CONVERSION = YES;
				CLANG_WARN_OBJC_ROOT_CLASS = YES_ERROR;
				CLANG_WARN_QUOTED_INCLUDE_IN_FRAMEWORK_HEADER = YES;
				CLANG_WARN_RANGE_LOOP_ANALYSIS = YES;
				CLANG_WARN_STRICT_PROTOTYPES = YES;
				CLANG_WARN_SUSPICIOUS_MOVE = YES;
				CLANG_WARN_UNGUARDED_AVAILABILITY = YES_AGGRESSIVE;
				CLANG_WARN_UNREACHABLE_CODE = YES;
				CLANG_WARN__DUPLICATE_METHOD_MATCH = YES;
				COPY_PHASE_STRIP = NO;
				DEBUG_INFORMATION_FORMAT = "dwarf-with-dsym";
				ENABLE_NS_ASSERTIONS = NO;
				ENABLE_STRICT_OBJC_MSGSEND = YES;
				GCC_C_LANGUAGE_STANDARD = gnu11;
				GCC_NO_COMMON_BLOCKS = YES;
				GCC_WARN_64_TO_32_BIT_CONVERSION = YES;
				GCC_WARN_ABOUT_RETURN_TYPE = YES_ERROR;
				GCC_WARN_UNDECLARED_SELECTOR = YES;
				GCC_WARN_UNINITIALIZED_AUTOS = YES_AGGRESSIVE;
				GCC_WARN_UNUSED_FUNCTION = YES;
				GCC_WARN_UNUSED_VARIABLE = YES;
				IPHONEOS_DEPLOYMENT_TARGET = 14.0;
				MTL_ENABLE_DEBUG_INFO = NO;
				MTL_FAST_MATH = YES;
				SDKROOT = iphoneos;
				SWIFT_COMPILATION_MODE = wholemodule;
				SWIFT_OPTIMIZATION_LEVEL = "-O";
				VALIDATE_PRODUCT = YES;
			};
			name = Release;
		};
		DC0404402924DE1700BAAB1A /* Debug */ = {
			isa = XCBuildConfiguration;
			baseConfigurationReference = 351861F5B3E6954E5F4C1A31 /* Pods-CurrencyConverter.debug.xcconfig */;
			buildSettings = {
				ASSETCATALOG_COMPILER_APPICON_NAME = AppIcon;
				ASSETCATALOG_COMPILER_GLOBAL_ACCENT_COLOR_NAME = AccentColor;
				CODE_SIGN_STYLE = Automatic;
				CURRENT_PROJECT_VERSION = 1;
				DEVELOPMENT_TEAM = N455B9353D;
				GENERATE_INFOPLIST_FILE = YES;
				INFOPLIST_FILE = CurrencyConverter/Shared/Info.plist;
				INFOPLIST_KEY_UIApplicationSupportsIndirectInputEvents = YES;
				INFOPLIST_KEY_UILaunchStoryboardName = LaunchScreen;
				INFOPLIST_KEY_UIMainStoryboardFile = "";
				INFOPLIST_KEY_UISupportedInterfaceOrientations_iPad = "UIInterfaceOrientationPortrait UIInterfaceOrientationPortraitUpsideDown UIInterfaceOrientationLandscapeLeft UIInterfaceOrientationLandscapeRight";
				INFOPLIST_KEY_UISupportedInterfaceOrientations_iPhone = "UIInterfaceOrientationPortrait UIInterfaceOrientationLandscapeLeft UIInterfaceOrientationLandscapeRight";
				IPHONEOS_DEPLOYMENT_TARGET = 14.0;
				LD_RUNPATH_SEARCH_PATHS = (
					"$(inherited)",
					"@executable_path/Frameworks",
				);
				MARKETING_VERSION = 1.0;
				PRODUCT_BUNDLE_IDENTIFIER = com.binshakerr.CurrencyConverter;
				PRODUCT_NAME = "$(TARGET_NAME)";
				SUPPORTED_PLATFORMS = "iphoneos iphonesimulator";
				SUPPORTS_MACCATALYST = NO;
				SUPPORTS_MAC_DESIGNED_FOR_IPHONE_IPAD = NO;
				SWIFT_EMIT_LOC_STRINGS = YES;
				SWIFT_VERSION = 5.0;
				TARGETED_DEVICE_FAMILY = 1;
			};
			name = Debug;
		};
		DC0404412924DE1700BAAB1A /* Release */ = {
			isa = XCBuildConfiguration;
			baseConfigurationReference = 12B3B7392987AE99A0D73CC9 /* Pods-CurrencyConverter.release.xcconfig */;
			buildSettings = {
				ASSETCATALOG_COMPILER_APPICON_NAME = AppIcon;
				ASSETCATALOG_COMPILER_GLOBAL_ACCENT_COLOR_NAME = AccentColor;
				CODE_SIGN_STYLE = Automatic;
				CURRENT_PROJECT_VERSION = 1;
				DEVELOPMENT_TEAM = N455B9353D;
				GENERATE_INFOPLIST_FILE = YES;
				INFOPLIST_FILE = CurrencyConverter/Shared/Info.plist;
				INFOPLIST_KEY_UIApplicationSupportsIndirectInputEvents = YES;
				INFOPLIST_KEY_UILaunchStoryboardName = LaunchScreen;
				INFOPLIST_KEY_UIMainStoryboardFile = "";
				INFOPLIST_KEY_UISupportedInterfaceOrientations_iPad = "UIInterfaceOrientationPortrait UIInterfaceOrientationPortraitUpsideDown UIInterfaceOrientationLandscapeLeft UIInterfaceOrientationLandscapeRight";
				INFOPLIST_KEY_UISupportedInterfaceOrientations_iPhone = "UIInterfaceOrientationPortrait UIInterfaceOrientationLandscapeLeft UIInterfaceOrientationLandscapeRight";
				IPHONEOS_DEPLOYMENT_TARGET = 14.0;
				LD_RUNPATH_SEARCH_PATHS = (
					"$(inherited)",
					"@executable_path/Frameworks",
				);
				MARKETING_VERSION = 1.0;
				PRODUCT_BUNDLE_IDENTIFIER = com.binshakerr.CurrencyConverter;
				PRODUCT_NAME = "$(TARGET_NAME)";
				SUPPORTED_PLATFORMS = "iphoneos iphonesimulator";
				SUPPORTS_MACCATALYST = NO;
				SUPPORTS_MAC_DESIGNED_FOR_IPHONE_IPAD = NO;
				SWIFT_EMIT_LOC_STRINGS = YES;
				SWIFT_VERSION = 5.0;
				TARGETED_DEVICE_FAMILY = 1;
			};
			name = Release;
		};
		DC0404432924DE1700BAAB1A /* Debug */ = {
			isa = XCBuildConfiguration;
			baseConfigurationReference = 43CD4CBE3B6EA3905AC59FC2 /* Pods-CurrencyConverterTests.debug.xcconfig */;
			buildSettings = {
				ALWAYS_EMBED_SWIFT_STANDARD_LIBRARIES = YES;
				BUNDLE_LOADER = "$(TEST_HOST)";
				CODE_SIGN_STYLE = Automatic;
				CURRENT_PROJECT_VERSION = 1;
				DEVELOPMENT_TEAM = N455B9353D;
				GENERATE_INFOPLIST_FILE = YES;
				IPHONEOS_DEPLOYMENT_TARGET = 16.1;
				MARKETING_VERSION = 1.0;
				PRODUCT_BUNDLE_IDENTIFIER = com.binshakerr.CurrencyConverterTests;
				PRODUCT_NAME = "$(TARGET_NAME)";
				SWIFT_EMIT_LOC_STRINGS = NO;
				SWIFT_VERSION = 5.0;
				TARGETED_DEVICE_FAMILY = "1,2";
				TEST_HOST = "$(BUILT_PRODUCTS_DIR)/CurrencyConverter.app/$(BUNDLE_EXECUTABLE_FOLDER_PATH)/CurrencyConverter";
			};
			name = Debug;
		};
		DC0404442924DE1700BAAB1A /* Release */ = {
			isa = XCBuildConfiguration;
			baseConfigurationReference = 49853D664BB8889F8027BC0B /* Pods-CurrencyConverterTests.release.xcconfig */;
			buildSettings = {
				ALWAYS_EMBED_SWIFT_STANDARD_LIBRARIES = YES;
				BUNDLE_LOADER = "$(TEST_HOST)";
				CODE_SIGN_STYLE = Automatic;
				CURRENT_PROJECT_VERSION = 1;
				DEVELOPMENT_TEAM = N455B9353D;
				GENERATE_INFOPLIST_FILE = YES;
				IPHONEOS_DEPLOYMENT_TARGET = 16.1;
				MARKETING_VERSION = 1.0;
				PRODUCT_BUNDLE_IDENTIFIER = com.binshakerr.CurrencyConverterTests;
				PRODUCT_NAME = "$(TARGET_NAME)";
				SWIFT_EMIT_LOC_STRINGS = NO;
				SWIFT_VERSION = 5.0;
				TARGETED_DEVICE_FAMILY = "1,2";
				TEST_HOST = "$(BUILT_PRODUCTS_DIR)/CurrencyConverter.app/$(BUNDLE_EXECUTABLE_FOLDER_PATH)/CurrencyConverter";
			};
			name = Release;
		};
		DC0404462924DE1700BAAB1A /* Debug */ = {
			isa = XCBuildConfiguration;
			baseConfigurationReference = 3654EA0E2D1BCC0C52D7ECFD /* Pods-CurrencyConverter-CurrencyConverterUITests.debug.xcconfig */;
			buildSettings = {
				ALWAYS_EMBED_SWIFT_STANDARD_LIBRARIES = YES;
				CODE_SIGN_STYLE = Automatic;
				CURRENT_PROJECT_VERSION = 1;
				DEVELOPMENT_TEAM = N455B9353D;
				GENERATE_INFOPLIST_FILE = YES;
				MARKETING_VERSION = 1.0;
				PRODUCT_BUNDLE_IDENTIFIER = com.binshakerr.CurrencyConverterUITests;
				PRODUCT_NAME = "$(TARGET_NAME)";
				SWIFT_EMIT_LOC_STRINGS = NO;
				SWIFT_VERSION = 5.0;
				TARGETED_DEVICE_FAMILY = "1,2";
				TEST_TARGET_NAME = CurrencyConverter;
			};
			name = Debug;
		};
		DC0404472924DE1700BAAB1A /* Release */ = {
			isa = XCBuildConfiguration;
			baseConfigurationReference = D63AF8A9A295ABF006E5173F /* Pods-CurrencyConverter-CurrencyConverterUITests.release.xcconfig */;
			buildSettings = {
				ALWAYS_EMBED_SWIFT_STANDARD_LIBRARIES = YES;
				CODE_SIGN_STYLE = Automatic;
				CURRENT_PROJECT_VERSION = 1;
				DEVELOPMENT_TEAM = N455B9353D;
				GENERATE_INFOPLIST_FILE = YES;
				MARKETING_VERSION = 1.0;
				PRODUCT_BUNDLE_IDENTIFIER = com.binshakerr.CurrencyConverterUITests;
				PRODUCT_NAME = "$(TARGET_NAME)";
				SWIFT_EMIT_LOC_STRINGS = NO;
				SWIFT_VERSION = 5.0;
				TARGETED_DEVICE_FAMILY = "1,2";
				TEST_TARGET_NAME = CurrencyConverter;
			};
			name = Release;
		};
/* End XCBuildConfiguration section */

/* Begin XCConfigurationList section */
		DC0404102924DE1600BAAB1A /* Build configuration list for PBXProject "CurrencyConverter" */ = {
			isa = XCConfigurationList;
			buildConfigurations = (
				DC04043D2924DE1700BAAB1A /* Debug */,
				DC04043E2924DE1700BAAB1A /* Release */,
			);
			defaultConfigurationIsVisible = 0;
			defaultConfigurationName = Release;
		};
		DC04043F2924DE1700BAAB1A /* Build configuration list for PBXNativeTarget "CurrencyConverter" */ = {
			isa = XCConfigurationList;
			buildConfigurations = (
				DC0404402924DE1700BAAB1A /* Debug */,
				DC0404412924DE1700BAAB1A /* Release */,
			);
			defaultConfigurationIsVisible = 0;
			defaultConfigurationName = Release;
		};
		DC0404422924DE1700BAAB1A /* Build configuration list for PBXNativeTarget "CurrencyConverterTests" */ = {
			isa = XCConfigurationList;
			buildConfigurations = (
				DC0404432924DE1700BAAB1A /* Debug */,
				DC0404442924DE1700BAAB1A /* Release */,
			);
			defaultConfigurationIsVisible = 0;
			defaultConfigurationName = Release;
		};
		DC0404452924DE1700BAAB1A /* Build configuration list for PBXNativeTarget "CurrencyConverterUITests" */ = {
			isa = XCConfigurationList;
			buildConfigurations = (
				DC0404462924DE1700BAAB1A /* Debug */,
				DC0404472924DE1700BAAB1A /* Release */,
			);
			defaultConfigurationIsVisible = 0;
			defaultConfigurationName = Release;
		};
/* End XCConfigurationList section */

/* Begin XCRemoteSwiftPackageReference section */
		DC0404702926270600BAAB1A /* XCRemoteSwiftPackageReference "Alamofire" */ = {
			isa = XCRemoteSwiftPackageReference;
			repositoryURL = "https://github.com/Alamofire/Alamofire.git";
			requirement = {
				kind = upToNextMajorVersion;
				minimumVersion = 5.0.0;
			};
		};
		DC0404762926276100BAAB1A /* XCRemoteSwiftPackageReference "IQKeyboardManager" */ = {
			isa = XCRemoteSwiftPackageReference;
			repositoryURL = "https://github.com/hackiftekhar/IQKeyboardManager.git";
			requirement = {
				kind = upToNextMajorVersion;
				minimumVersion = 6.0.0;
			};
		};
		DC040479292627A800BAAB1A /* XCRemoteSwiftPackageReference "NVActivityIndicatorView" */ = {
			isa = XCRemoteSwiftPackageReference;
			repositoryURL = "https://github.com/ninjaprox/NVActivityIndicatorView.git";
			requirement = {
				kind = upToNextMajorVersion;
				minimumVersion = 5.0.0;
			};
		};
		DC040490292628A200BAAB1A /* XCRemoteSwiftPackageReference "RxSwift" */ = {
			isa = XCRemoteSwiftPackageReference;
			repositoryURL = "https://github.com/ReactiveX/RxSwift.git";
			requirement = {
				kind = upToNextMajorVersion;
				minimumVersion = 6.0.0;
			};
		};
/* End XCRemoteSwiftPackageReference section */

/* Begin XCSwiftPackageProductDependency section */
		DC0404712926270600BAAB1A /* Alamofire */ = {
			isa = XCSwiftPackageProductDependency;
			package = DC0404702926270600BAAB1A /* XCRemoteSwiftPackageReference "Alamofire" */;
			productName = Alamofire;
		};
		DC0404772926276100BAAB1A /* IQKeyboardManagerSwift */ = {
			isa = XCSwiftPackageProductDependency;
			package = DC0404762926276100BAAB1A /* XCRemoteSwiftPackageReference "IQKeyboardManager" */;
			productName = IQKeyboardManagerSwift;
		};
		DC04047A292627A800BAAB1A /* NVActivityIndicatorView */ = {
			isa = XCSwiftPackageProductDependency;
			package = DC040479292627A800BAAB1A /* XCRemoteSwiftPackageReference "NVActivityIndicatorView" */;
			productName = NVActivityIndicatorView;
		};
		DC04047C292627A800BAAB1A /* NVActivityIndicatorViewExtended */ = {
			isa = XCSwiftPackageProductDependency;
			package = DC040479292627A800BAAB1A /* XCRemoteSwiftPackageReference "NVActivityIndicatorView" */;
			productName = NVActivityIndicatorViewExtended;
		};
		DC040491292628A200BAAB1A /* RxCocoa */ = {
			isa = XCSwiftPackageProductDependency;
			package = DC040490292628A200BAAB1A /* XCRemoteSwiftPackageReference "RxSwift" */;
			productName = RxCocoa;
		};
		DC040493292628A200BAAB1A /* RxSwift */ = {
			isa = XCSwiftPackageProductDependency;
			package = DC040490292628A200BAAB1A /* XCRemoteSwiftPackageReference "RxSwift" */;
			productName = RxSwift;
		};
/* End XCSwiftPackageProductDependency section */
	};
	rootObject = DC04040D2924DE1600BAAB1A /* Project object */;
}
