// !$*UTF8*$!
{
	archiveVersion = 1;
	classes = {
	};
	objectVersion = 56;
	objects = {

/* Begin PBXBuildFile section */
		DC0404192924DE1600BAAB1A /* AppDelegate.swift in Sources */ = {isa = PBXBuildFile; fileRef = DC0404182924DE1600BAAB1A /* AppDelegate.swift */; };
		DC04041B2924DE1600BAAB1A /* SceneDelegate.swift in Sources */ = {isa = PBXBuildFile; fileRef = DC04041A2924DE1600BAAB1A /* SceneDelegate.swift */; };
		DC0404222924DE1700BAAB1A /* Assets.xcassets in Resources */ = {isa = PBXBuildFile; fileRef = DC0404212924DE1700BAAB1A /* Assets.xcassets */; };
		DC0404252924DE1700BAAB1A /* LaunchScreen.storyboard in Resources */ = {isa = PBXBuildFile; fileRef = DC0404232924DE1700BAAB1A /* LaunchScreen.storyboard */; };
		DC0404302924DE1700BAAB1A /* CurrencyConverterTests.swift in Sources */ = {isa = PBXBuildFile; fileRef = DC04042F2924DE1700BAAB1A /* CurrencyConverterTests.swift */; };
		DC04043A2924DE1700BAAB1A /* CurrencyConverterUITests.swift in Sources */ = {isa = PBXBuildFile; fileRef = DC0404392924DE1700BAAB1A /* CurrencyConverterUITests.swift */; };
		DC04043C2924DE1700BAAB1A /* CurrencyConverterUITestsLaunchTests.swift in Sources */ = {isa = PBXBuildFile; fileRef = DC04043B2924DE1700BAAB1A /* CurrencyConverterUITestsLaunchTests.swift */; };
		DC0404512924E03F00BAAB1A /* ConverterViewController.swift in Sources */ = {isa = PBXBuildFile; fileRef = DC04044F2924E03F00BAAB1A /* ConverterViewController.swift */; };
		DC0404522924E03F00BAAB1A /* ConverterViewController.xib in Resources */ = {isa = PBXBuildFile; fileRef = DC0404502924E03F00BAAB1A /* ConverterViewController.xib */; };
		DC0404542924E05400BAAB1A /* ConverterViewModel.swift in Sources */ = {isa = PBXBuildFile; fileRef = DC0404532924E05400BAAB1A /* ConverterViewModel.swift */; };
/* End PBXBuildFile section */

/* Begin PBXContainerItemProxy section */
		DC04042C2924DE1700BAAB1A /* PBXContainerItemProxy */ = {
			isa = PBXContainerItemProxy;
			containerPortal = DC04040D2924DE1600BAAB1A /* Project object */;
			proxyType = 1;
			remoteGlobalIDString = DC0404142924DE1600BAAB1A;
			remoteInfo = CurrencyConverter;
		};
		DC0404362924DE1700BAAB1A /* PBXContainerItemProxy */ = {
			isa = PBXContainerItemProxy;
			containerPortal = DC04040D2924DE1600BAAB1A /* Project object */;
			proxyType = 1;
			remoteGlobalIDString = DC0404142924DE1600BAAB1A;
			remoteInfo = CurrencyConverter;
		};
/* End PBXContainerItemProxy section */

/* Begin PBXFileReference section */
		DC0404152924DE1600BAAB1A /* CurrencyConverter.app */ = {isa = PBXFileReference; explicitFileType = wrapper.application; includeInIndex = 0; path = CurrencyConverter.app; sourceTree = BUILT_PRODUCTS_DIR; };
		DC0404182924DE1600BAAB1A /* AppDelegate.swift */ = {isa = PBXFileReference; lastKnownFileType = sourcecode.swift; path = AppDelegate.swift; sourceTree = "<group>"; };
		DC04041A2924DE1600BAAB1A /* SceneDelegate.swift */ = {isa = PBXFileReference; lastKnownFileType = sourcecode.swift; path = SceneDelegate.swift; sourceTree = "<group>"; };
		DC0404212924DE1700BAAB1A /* Assets.xcassets */ = {isa = PBXFileReference; lastKnownFileType = folder.assetcatalog; path = Assets.xcassets; sourceTree = "<group>"; };
		DC0404242924DE1700BAAB1A /* Base */ = {isa = PBXFileReference; lastKnownFileType = file.storyboard; name = Base; path = Base.lproj/LaunchScreen.storyboard; sourceTree = "<group>"; };
		DC0404262924DE1700BAAB1A /* Info.plist */ = {isa = PBXFileReference; lastKnownFileType = text.plist.xml; path = Info.plist; sourceTree = "<group>"; };
		DC04042B2924DE1700BAAB1A /* CurrencyConverterTests.xctest */ = {isa = PBXFileReference; explicitFileType = wrapper.cfbundle; includeInIndex = 0; path = CurrencyConverterTests.xctest; sourceTree = BUILT_PRODUCTS_DIR; };
		DC04042F2924DE1700BAAB1A /* CurrencyConverterTests.swift */ = {isa = PBXFileReference; lastKnownFileType = sourcecode.swift; path = CurrencyConverterTests.swift; sourceTree = "<group>"; };
		DC0404352924DE1700BAAB1A /* CurrencyConverterUITests.xctest */ = {isa = PBXFileReference; explicitFileType = wrapper.cfbundle; includeInIndex = 0; path = CurrencyConverterUITests.xctest; sourceTree = BUILT_PRODUCTS_DIR; };
		DC0404392924DE1700BAAB1A /* CurrencyConverterUITests.swift */ = {isa = PBXFileReference; lastKnownFileType = sourcecode.swift; path = CurrencyConverterUITests.swift; sourceTree = "<group>"; };
		DC04043B2924DE1700BAAB1A /* CurrencyConverterUITestsLaunchTests.swift */ = {isa = PBXFileReference; lastKnownFileType = sourcecode.swift; path = CurrencyConverterUITestsLaunchTests.swift; sourceTree = "<group>"; };
		DC04044F2924E03F00BAAB1A /* ConverterViewController.swift */ = {isa = PBXFileReference; lastKnownFileType = sourcecode.swift; path = ConverterViewController.swift; sourceTree = "<group>"; };
		DC0404502924E03F00BAAB1A /* ConverterViewController.xib */ = {isa = PBXFileReference; lastKnownFileType = file.xib; path = ConverterViewController.xib; sourceTree = "<group>"; };
		DC0404532924E05400BAAB1A /* ConverterViewModel.swift */ = {isa = PBXFileReference; lastKnownFileType = sourcecode.swift; path = ConverterViewModel.swift; sourceTree = "<group>"; };
/* End PBXFileReference section */

/* Begin PBXFrameworksBuildPhase section */
		DC0404122924DE1600BAAB1A /* Frameworks */ = {
			isa = PBXFrameworksBuildPhase;
			buildActionMask = 2147483647;
			files = (
			);
			runOnlyForDeploymentPostprocessing = 0;
		};
		DC0404282924DE1700BAAB1A /* Frameworks */ = {
			isa = PBXFrameworksBuildPhase;
			buildActionMask = 2147483647;
			files = (
			);
			runOnlyForDeploymentPostprocessing = 0;
		};
		DC0404322924DE1700BAAB1A /* Frameworks */ = {
			isa = PBXFrameworksBuildPhase;
			buildActionMask = 2147483647;
			files = (
			);
			runOnlyForDeploymentPostprocessing = 0;
		};
/* End PBXFrameworksBuildPhase section */

/* Begin PBXGroup section */
		DC04040C2924DE1600BAAB1A = {
			isa = PBXGroup;
			children = (
				DC0404172924DE1600BAAB1A /* CurrencyConverter */,
				DC04042E2924DE1700BAAB1A /* CurrencyConverterTests */,
				DC0404382924DE1700BAAB1A /* CurrencyConverterUITests */,
				DC0404162924DE1600BAAB1A /* Products */,
			);
			sourceTree = "<group>";
		};
		DC0404162924DE1600BAAB1A /* Products */ = {
			isa = PBXGroup;
			children = (
				DC0404152924DE1600BAAB1A /* CurrencyConverter.app */,
				DC04042B2924DE1700BAAB1A /* CurrencyConverterTests.xctest */,
				DC0404352924DE1700BAAB1A /* CurrencyConverterUITests.xctest */,
			);
			name = Products;
			sourceTree = "<group>";
		};
		DC0404172924DE1600BAAB1A /* CurrencyConverter */ = {
			isa = PBXGroup;
			children = (
				DC0404482924DFCD00BAAB1A /* Business */,
				DC0404492924DFD500BAAB1A /* Domain */,
				DC04044A2924DFDB00BAAB1A /* Presentation */,
				DC04044B2924DFE200BAAB1A /* Shared */,
			);
			path = CurrencyConverter;
			sourceTree = "<group>";
		};
		DC04042E2924DE1700BAAB1A /* CurrencyConverterTests */ = {
			isa = PBXGroup;
			children = (
				DC04042F2924DE1700BAAB1A /* CurrencyConverterTests.swift */,
			);
			path = CurrencyConverterTests;
			sourceTree = "<group>";
		};
		DC0404382924DE1700BAAB1A /* CurrencyConverterUITests */ = {
			isa = PBXGroup;
			children = (
				DC0404392924DE1700BAAB1A /* CurrencyConverterUITests.swift */,
				DC04043B2924DE1700BAAB1A /* CurrencyConverterUITestsLaunchTests.swift */,
			);
			path = CurrencyConverterUITests;
			sourceTree = "<group>";
		};
		DC0404482924DFCD00BAAB1A /* Business */ = {
			isa = PBXGroup;
			children = (
			);
			path = Business;
			sourceTree = "<group>";
		};
		DC0404492924DFD500BAAB1A /* Domain */ = {
			isa = PBXGroup;
			children = (
			);
			path = Domain;
			sourceTree = "<group>";
		};
		DC04044A2924DFDB00BAAB1A /* Presentation */ = {
			isa = PBXGroup;
			children = (
				DC04044C2924DFEE00BAAB1A /* Converter */,
			);
			path = Presentation;
			sourceTree = "<group>";
		};
		DC04044B2924DFE200BAAB1A /* Shared */ = {
			isa = PBXGroup;
			children = (
				DC0404182924DE1600BAAB1A /* AppDelegate.swift */,
				DC04041A2924DE1600BAAB1A /* SceneDelegate.swift */,
				DC0404212924DE1700BAAB1A /* Assets.xcassets */,
				DC0404232924DE1700BAAB1A /* LaunchScreen.storyboard */,
				DC0404262924DE1700BAAB1A /* Info.plist */,
			);
			path = Shared;
			sourceTree = "<group>";
		};
		DC04044C2924DFEE00BAAB1A /* Converter */ = {
			isa = PBXGroup;
			children = (
				DC04044E2924DFFF00BAAB1A /* ViewModel */,
				DC04044D2924DFF600BAAB1A /* View */,
			);
			path = Converter;
			sourceTree = "<group>";
		};
		DC04044D2924DFF600BAAB1A /* View */ = {
			isa = PBXGroup;
			children = (
				DC04044F2924E03F00BAAB1A /* ConverterViewController.swift */,
				DC0404502924E03F00BAAB1A /* ConverterViewController.xib */,
			);
			path = View;
			sourceTree = "<group>";
		};
		DC04044E2924DFFF00BAAB1A /* ViewModel */ = {
			isa = PBXGroup;
			children = (
				DC0404532924E05400BAAB1A /* ConverterViewModel.swift */,
			);
			path = ViewModel;
			sourceTree = "<group>";
		};
/* End PBXGroup section */

/* Begin PBXNativeTarget section */
		DC0404142924DE1600BAAB1A /* CurrencyConverter */ = {
			isa = PBXNativeTarget;
			buildConfigurationList = DC04043F2924DE1700BAAB1A /* Build configuration list for PBXNativeTarget "CurrencyConverter" */;
			buildPhases = (
				DC0404112924DE1600BAAB1A /* Sources */,
				DC0404122924DE1600BAAB1A /* Frameworks */,
				DC0404132924DE1600BAAB1A /* Resources */,
			);
			buildRules = (
			);
			dependencies = (
			);
			name = CurrencyConverter;
			productName = CurrencyConverter;
			productReference = DC0404152924DE1600BAAB1A /* CurrencyConverter.app */;
			productType = "com.apple.product-type.application";
		};
		DC04042A2924DE1700BAAB1A /* CurrencyConverterTests */ = {
			isa = PBXNativeTarget;
			buildConfigurationList = DC0404422924DE1700BAAB1A /* Build configuration list for PBXNativeTarget "CurrencyConverterTests" */;
			buildPhases = (
				DC0404272924DE1700BAAB1A /* Sources */,
				DC0404282924DE1700BAAB1A /* Frameworks */,
				DC0404292924DE1700BAAB1A /* Resources */,
			);
			buildRules = (
			);
			dependencies = (
				DC04042D2924DE1700BAAB1A /* PBXTargetDependency */,
			);
			name = CurrencyConverterTests;
			productName = CurrencyConverterTests;
			productReference = DC04042B2924DE1700BAAB1A /* CurrencyConverterTests.xctest */;
			productType = "com.apple.product-type.bundle.unit-test";
		};
		DC0404342924DE1700BAAB1A /* CurrencyConverterUITests */ = {
			isa = PBXNativeTarget;
			buildConfigurationList = DC0404452924DE1700BAAB1A /* Build configuration list for PBXNativeTarget "CurrencyConverterUITests" */;
			buildPhases = (
				DC0404312924DE1700BAAB1A /* Sources */,
				DC0404322924DE1700BAAB1A /* Frameworks */,
				DC0404332924DE1700BAAB1A /* Resources */,
			);
			buildRules = (
			);
			dependencies = (
				DC0404372924DE1700BAAB1A /* PBXTargetDependency */,
			);
			name = CurrencyConverterUITests;
			productName = CurrencyConverterUITests;
			productReference = DC0404352924DE1700BAAB1A /* CurrencyConverterUITests.xctest */;
			productType = "com.apple.product-type.bundle.ui-testing";
		};
/* End PBXNativeTarget section */

/* Begin PBXProject section */
		DC04040D2924DE1600BAAB1A /* Project object */ = {
			isa = PBXProject;
			attributes = {
				BuildIndependentTargetsInParallel = 1;
				LastSwiftUpdateCheck = 1410;
				LastUpgradeCheck = 1410;
				TargetAttributes = {
					DC0404142924DE1600BAAB1A = {
						CreatedOnToolsVersion = 14.1;
					};
					DC04042A2924DE1700BAAB1A = {
						CreatedOnToolsVersion = 14.1;
						TestTargetID = DC0404142924DE1600BAAB1A;
					};
					DC0404342924DE1700BAAB1A = {
						CreatedOnToolsVersion = 14.1;
						TestTargetID = DC0404142924DE1600BAAB1A;
					};
				};
			};
			buildConfigurationList = DC0404102924DE1600BAAB1A /* Build configuration list for PBXProject "CurrencyConverter" */;
			compatibilityVersion = "Xcode 14.0";
			developmentRegion = en;
			hasScannedForEncodings = 0;
			knownRegions = (
				en,
				Base,
			);
			mainGroup = DC04040C2924DE1600BAAB1A;
			productRefGroup = DC0404162924DE1600BAAB1A /* Products */;
			projectDirPath = "";
			projectRoot = "";
			targets = (
				DC0404142924DE1600BAAB1A /* CurrencyConverter */,
				DC04042A2924DE1700BAAB1A /* CurrencyConverterTests */,
				DC0404342924DE1700BAAB1A /* CurrencyConverterUITests */,
			);
		};
/* End PBXProject section */

/* Begin PBXResourcesBuildPhase section */
		DC0404132924DE1600BAAB1A /* Resources */ = {
			isa = PBXResourcesBuildPhase;
			buildActionMask = 2147483647;
			files = (
				DC0404252924DE1700BAAB1A /* LaunchScreen.storyboard in Resources */,
				DC0404522924E03F00BAAB1A /* ConverterViewController.xib in Resources */,
				DC0404222924DE1700BAAB1A /* Assets.xcassets in Resources */,
			);
			runOnlyForDeploymentPostprocessing = 0;
		};
		DC0404292924DE1700BAAB1A /* Resources */ = {
			isa = PBXResourcesBuildPhase;
			buildActionMask = 2147483647;
			files = (
			);
			runOnlyForDeploymentPostprocessing = 0;
		};
		DC0404332924DE1700BAAB1A /* Resources */ = {
			isa = PBXResourcesBuildPhase;
			buildActionMask = 2147483647;
			files = (
			);
			runOnlyForDeploymentPostprocessing = 0;
		};
/* End PBXResourcesBuildPhase section */

/* Begin PBXSourcesBuildPhase section */
		DC0404112924DE1600BAAB1A /* Sources */ = {
			isa = PBXSourcesBuildPhase;
			buildActionMask = 2147483647;
			files = (
				DC0404192924DE1600BAAB1A /* AppDelegate.swift in Sources */,
				DC04041B2924DE1600BAAB1A /* SceneDelegate.swift in Sources */,
				DC0404512924E03F00BAAB1A /* ConverterViewController.swift in Sources */,
				DC0404542924E05400BAAB1A /* ConverterViewModel.swift in Sources */,
			);
			runOnlyForDeploymentPostprocessing = 0;
		};
		DC0404272924DE1700BAAB1A /* Sources */ = {
			isa = PBXSourcesBuildPhase;
			buildActionMask = 2147483647;
			files = (
				DC0404302924DE1700BAAB1A /* CurrencyConverterTests.swift in Sources */,
			);
			runOnlyForDeploymentPostprocessing = 0;
		};
		DC0404312924DE1700BAAB1A /* Sources */ = {
			isa = PBXSourcesBuildPhase;
			buildActionMask = 2147483647;
			files = (
				DC04043C2924DE1700BAAB1A /* CurrencyConverterUITestsLaunchTests.swift in Sources */,
				DC04043A2924DE1700BAAB1A /* CurrencyConverterUITests.swift in Sources */,
			);
			runOnlyForDeploymentPostprocessing = 0;
		};
/* End PBXSourcesBuildPhase section */

/* Begin PBXTargetDependency section */
		DC04042D2924DE1700BAAB1A /* PBXTargetDependency */ = {
			isa = PBXTargetDependency;
			target = DC0404142924DE1600BAAB1A /* CurrencyConverter */;
			targetProxy = DC04042C2924DE1700BAAB1A /* PBXContainerItemProxy */;
		};
		DC0404372924DE1700BAAB1A /* PBXTargetDependency */ = {
			isa = PBXTargetDependency;
			target = DC0404142924DE1600BAAB1A /* CurrencyConverter */;
			targetProxy = DC0404362924DE1700BAAB1A /* PBXContainerItemProxy */;
		};
/* End PBXTargetDependency section */

/* Begin PBXVariantGroup section */
		DC0404232924DE1700BAAB1A /* LaunchScreen.storyboard */ = {
			isa = PBXVariantGroup;
			children = (
				DC0404242924DE1700BAAB1A /* Base */,
			);
			name = LaunchScreen.storyboard;
			sourceTree = "<group>";
		};
/* End PBXVariantGroup section */

/* Begin XCBuildConfiguration section */
		DC04043D2924DE1700BAAB1A /* Debug */ = {
			isa = XCBuildConfiguration;
			buildSettings = {
				ALWAYS_SEARCH_USER_PATHS = NO;
				CLANG_ANALYZER_NONNULL = YES;
				CLANG_ANALYZER_NUMBER_OBJECT_CONVERSION = YES_AGGRESSIVE;
				CLANG_CXX_LANGUAGE_STANDARD = "gnu++20";
				CLANG_ENABLE_MODULES = YES;
				CLANG_ENABLE_OBJC_ARC = YES;
				CLANG_ENABLE_OBJC_WEAK = YES;
				CLANG_WARN_BLOCK_CAPTURE_AUTORELEASING = YES;
				CLANG_WARN_BOOL_CONVERSION = YES;
				CLANG_WARN_COMMA = YES;
				CLANG_WARN_CONSTANT_CONVERSION = YES;
				CLANG_WARN_DEPRECATED_OBJC_IMPLEMENTATIONS = YES;
				CLANG_WARN_DIRECT_OBJC_ISA_USAGE = YES_ERROR;
				CLANG_WARN_DOCUMENTATION_COMMENTS = YES;
				CLANG_WARN_EMPTY_BODY = YES;
				CLANG_WARN_ENUM_CONVERSION = YES;
				CLANG_WARN_INFINITE_RECURSION = YES;
				CLANG_WARN_INT_CONVERSION = YES;
				CLANG_WARN_NON_LITERAL_NULL_CONVERSION = YES;
				CLANG_WARN_OBJC_IMPLICIT_RETAIN_SELF = YES;
				CLANG_WARN_OBJC_LITERAL_CONVERSION = YES;
				CLANG_WARN_OBJC_ROOT_CLASS = YES_ERROR;
				CLANG_WARN_QUOTED_INCLUDE_IN_FRAMEWORK_HEADER = YES;
				CLANG_WARN_RANGE_LOOP_ANALYSIS = YES;
				CLANG_WARN_STRICT_PROTOTYPES = YES;
				CLANG_WARN_SUSPICIOUS_MOVE = YES;
				CLANG_WARN_UNGUARDED_AVAILABILITY = YES_AGGRESSIVE;
				CLANG_WARN_UNREACHABLE_CODE = YES;
				CLANG_WARN__DUPLICATE_METHOD_MATCH = YES;
				COPY_PHASE_STRIP = NO;
				DEBUG_INFORMATION_FORMAT = dwarf;
				ENABLE_STRICT_OBJC_MSGSEND = YES;
				ENABLE_TESTABILITY = YES;
				GCC_C_LANGUAGE_STANDARD = gnu11;
				GCC_DYNAMIC_NO_PIC = NO;
				GCC_NO_COMMON_BLOCKS = YES;
				GCC_OPTIMIZATION_LEVEL = 0;
				GCC_PREPROCESSOR_DEFINITIONS = (
					"DEBUG=1",
					"$(inherited)",
				);
				GCC_WARN_64_TO_32_BIT_CONVERSION = YES;
				GCC_WARN_ABOUT_RETURN_TYPE = YES_ERROR;
				GCC_WARN_UNDECLARED_SELECTOR = YES;
				GCC_WARN_UNINITIALIZED_AUTOS = YES_AGGRESSIVE;
				GCC_WARN_UNUSED_FUNCTION = YES;
				GCC_WARN_UNUSED_VARIABLE = YES;
				IPHONEOS_DEPLOYMENT_TARGET = 14.0;
				MTL_ENABLE_DEBUG_INFO = INCLUDE_SOURCE;
				MTL_FAST_MATH = YES;
				ONLY_ACTIVE_ARCH = YES;
				SDKROOT = iphoneos;
				SWIFT_ACTIVE_COMPILATION_CONDITIONS = DEBUG;
				SWIFT_OPTIMIZATION_LEVEL = "-Onone";
			};
			name = Debug;
		};
		DC04043E2924DE1700BAAB1A /* Release */ = {
			isa = XCBuildConfiguration;
			buildSettings = {
				ALWAYS_SEARCH_USER_PATHS = NO;
				CLANG_ANALYZER_NONNULL = YES;
				CLANG_ANALYZER_NUMBER_OBJECT_CONVERSION = YES_AGGRESSIVE;
				CLANG_CXX_LANGUAGE_STANDARD = "gnu++20";
				CLANG_ENABLE_MODULES = YES;
				CLANG_ENABLE_OBJC_ARC = YES;
				CLANG_ENABLE_OBJC_WEAK = YES;
				CLANG_WARN_BLOCK_CAPTURE_AUTORELEASING = YES;
				CLANG_WARN_BOOL_CONVERSION = YES;
				CLANG_WARN_COMMA = YES;
				CLANG_WARN_CONSTANT_CONVERSION = YES;
				CLANG_WARN_DEPRECATED_OBJC_IMPLEMENTATIONS = YES;
				CLANG_WARN_DIRECT_OBJC_ISA_USAGE = YES_ERROR;
				CLANG_WARN_DOCUMENTATION_COMMENTS = YES;
				CLANG_WARN_EMPTY_BODY = YES;
				CLANG_WARN_ENUM_CONVERSION = YES;
				CLANG_WARN_INFINITE_RECURSION = YES;
				CLANG_WARN_INT_CONVERSION = YES;
				CLANG_WARN_NON_LITERAL_NULL_CONVERSION = YES;
				CLANG_WARN_OBJC_IMPLICIT_RETAIN_SELF = YES;
				CLANG_WARN_OBJC_LITERAL_CONVERSION = YES;
				CLANG_WARN_OBJC_ROOT_CLASS = YES_ERROR;
				CLANG_WARN_QUOTED_INCLUDE_IN_FRAMEWORK_HEADER = YES;
				CLANG_WARN_RANGE_LOOP_ANALYSIS = YES;
				CLANG_WARN_STRICT_PROTOTYPES = YES;
				CLANG_WARN_SUSPICIOUS_MOVE = YES;
				CLANG_WARN_UNGUARDED_AVAILABILITY = YES_AGGRESSIVE;
				CLANG_WARN_UNREACHABLE_CODE = YES;
				CLANG_WARN__DUPLICATE_METHOD_MATCH = YES;
				COPY_PHASE_STRIP = NO;
				DEBUG_INFORMATION_FORMAT = "dwarf-with-dsym";
				ENABLE_NS_ASSERTIONS = NO;
				ENABLE_STRICT_OBJC_MSGSEND = YES;
				GCC_C_LANGUAGE_STANDARD = gnu11;
				GCC_NO_COMMON_BLOCKS = YES;
				GCC_WARN_64_TO_32_BIT_CONVERSION = YES;
				GCC_WARN_ABOUT_RETURN_TYPE = YES_ERROR;
				GCC_WARN_UNDECLARED_SELECTOR = YES;
				GCC_WARN_UNINITIALIZED_AUTOS = YES_AGGRESSIVE;
				GCC_WARN_UNUSED_FUNCTION = YES;
				GCC_WARN_UNUSED_VARIABLE = YES;
				IPHONEOS_DEPLOYMENT_TARGET = 14.0;
				MTL_ENABLE_DEBUG_INFO = NO;
				MTL_FAST_MATH = YES;
				SDKROOT = iphoneos;
				SWIFT_COMPILATION_MODE = wholemodule;
				SWIFT_OPTIMIZATION_LEVEL = "-O";
				VALIDATE_PRODUCT = YES;
			};
			name = Release;
		};
		DC0404402924DE1700BAAB1A /* Debug */ = {
			isa = XCBuildConfiguration;
			buildSettings = {
				ASSETCATALOG_COMPILER_APPICON_NAME = AppIcon;
				ASSETCATALOG_COMPILER_GLOBAL_ACCENT_COLOR_NAME = AccentColor;
				CODE_SIGN_STYLE = Automatic;
				CURRENT_PROJECT_VERSION = 1;
				DEVELOPMENT_TEAM = N455B9353D;
				GENERATE_INFOPLIST_FILE = YES;
				INFOPLIST_FILE = CurrencyConverter/Shared/Info.plist;
				INFOPLIST_KEY_UIApplicationSupportsIndirectInputEvents = YES;
				INFOPLIST_KEY_UILaunchStoryboardName = LaunchScreen;
				INFOPLIST_KEY_UIMainStoryboardFile = "";
				INFOPLIST_KEY_UISupportedInterfaceOrientations_iPad = "UIInterfaceOrientationPortrait UIInterfaceOrientationPortraitUpsideDown UIInterfaceOrientationLandscapeLeft UIInterfaceOrientationLandscapeRight";
				INFOPLIST_KEY_UISupportedInterfaceOrientations_iPhone = "UIInterfaceOrientationPortrait UIInterfaceOrientationLandscapeLeft UIInterfaceOrientationLandscapeRight";
				IPHONEOS_DEPLOYMENT_TARGET = 14.0;
				LD_RUNPATH_SEARCH_PATHS = (
					"$(inherited)",
					"@executable_path/Frameworks",
				);
				MARKETING_VERSION = 1.0;
				PRODUCT_BUNDLE_IDENTIFIER = com.binshakerr.CurrencyConverter;
				PRODUCT_NAME = "$(TARGET_NAME)";
				SUPPORTED_PLATFORMS = "iphoneos iphonesimulator";
				SUPPORTS_MACCATALYST = NO;
				SUPPORTS_MAC_DESIGNED_FOR_IPHONE_IPAD = NO;
				SWIFT_EMIT_LOC_STRINGS = YES;
				SWIFT_VERSION = 5.0;
				TARGETED_DEVICE_FAMILY = 1;
			};
			name = Debug;
		};
		DC0404412924DE1700BAAB1A /* Release */ = {
			isa = XCBuildConfiguration;
			buildSettings = {
				ASSETCATALOG_COMPILER_APPICON_NAME = AppIcon;
				ASSETCATALOG_COMPILER_GLOBAL_ACCENT_COLOR_NAME = AccentColor;
				CODE_SIGN_STYLE = Automatic;
				CURRENT_PROJECT_VERSION = 1;
				DEVELOPMENT_TEAM = N455B9353D;
				GENERATE_INFOPLIST_FILE = YES;
				INFOPLIST_FILE = CurrencyConverter/Shared/Info.plist;
				INFOPLIST_KEY_UIApplicationSupportsIndirectInputEvents = YES;
				INFOPLIST_KEY_UILaunchStoryboardName = LaunchScreen;
				INFOPLIST_KEY_UIMainStoryboardFile = "";
				INFOPLIST_KEY_UISupportedInterfaceOrientations_iPad = "UIInterfaceOrientationPortrait UIInterfaceOrientationPortraitUpsideDown UIInterfaceOrientationLandscapeLeft UIInterfaceOrientationLandscapeRight";
				INFOPLIST_KEY_UISupportedInterfaceOrientations_iPhone = "UIInterfaceOrientationPortrait UIInterfaceOrientationLandscapeLeft UIInterfaceOrientationLandscapeRight";
				IPHONEOS_DEPLOYMENT_TARGET = 14.0;
				LD_RUNPATH_SEARCH_PATHS = (
					"$(inherited)",
					"@executable_path/Frameworks",
				);
				MARKETING_VERSION = 1.0;
				PRODUCT_BUNDLE_IDENTIFIER = com.binshakerr.CurrencyConverter;
				PRODUCT_NAME = "$(TARGET_NAME)";
				SUPPORTED_PLATFORMS = "iphoneos iphonesimulator";
				SUPPORTS_MACCATALYST = NO;
				SUPPORTS_MAC_DESIGNED_FOR_IPHONE_IPAD = NO;
				SWIFT_EMIT_LOC_STRINGS = YES;
				SWIFT_VERSION = 5.0;
				TARGETED_DEVICE_FAMILY = 1;
			};
			name = Release;
		};
		DC0404432924DE1700BAAB1A /* Debug */ = {
			isa = XCBuildConfiguration;
			buildSettings = {
				ALWAYS_EMBED_SWIFT_STANDARD_LIBRARIES = YES;
				BUNDLE_LOADER = "$(TEST_HOST)";
				CODE_SIGN_STYLE = Automatic;
				CURRENT_PROJECT_VERSION = 1;
				DEVELOPMENT_TEAM = N455B9353D;
				GENERATE_INFOPLIST_FILE = YES;
				IPHONEOS_DEPLOYMENT_TARGET = 16.1;
				MARKETING_VERSION = 1.0;
				PRODUCT_BUNDLE_IDENTIFIER = com.binshakerr.CurrencyConverterTests;
				PRODUCT_NAME = "$(TARGET_NAME)";
				SWIFT_EMIT_LOC_STRINGS = NO;
				SWIFT_VERSION = 5.0;
				TARGETED_DEVICE_FAMILY = "1,2";
				TEST_HOST = "$(BUILT_PRODUCTS_DIR)/CurrencyConverter.app/$(BUNDLE_EXECUTABLE_FOLDER_PATH)/CurrencyConverter";
			};
			name = Debug;
		};
		DC0404442924DE1700BAAB1A /* Release */ = {
			isa = XCBuildConfiguration;
			buildSettings = {
				ALWAYS_EMBED_SWIFT_STANDARD_LIBRARIES = YES;
				BUNDLE_LOADER = "$(TEST_HOST)";
				CODE_SIGN_STYLE = Automatic;
				CURRENT_PROJECT_VERSION = 1;
				DEVELOPMENT_TEAM = N455B9353D;
				GENERATE_INFOPLIST_FILE = YES;
				IPHONEOS_DEPLOYMENT_TARGET = 16.1;
				MARKETING_VERSION = 1.0;
				PRODUCT_BUNDLE_IDENTIFIER = com.binshakerr.CurrencyConverterTests;
				PRODUCT_NAME = "$(TARGET_NAME)";
				SWIFT_EMIT_LOC_STRINGS = NO;
				SWIFT_VERSION = 5.0;
				TARGETED_DEVICE_FAMILY = "1,2";
				TEST_HOST = "$(BUILT_PRODUCTS_DIR)/CurrencyConverter.app/$(BUNDLE_EXECUTABLE_FOLDER_PATH)/CurrencyConverter";
			};
			name = Release;
		};
		DC0404462924DE1700BAAB1A /* Debug */ = {
			isa = XCBuildConfiguration;
			buildSettings = {
				ALWAYS_EMBED_SWIFT_STANDARD_LIBRARIES = YES;
				CODE_SIGN_STYLE = Automatic;
				CURRENT_PROJECT_VERSION = 1;
				DEVELOPMENT_TEAM = N455B9353D;
				GENERATE_INFOPLIST_FILE = YES;
				MARKETING_VERSION = 1.0;
				PRODUCT_BUNDLE_IDENTIFIER = com.binshakerr.CurrencyConverterUITests;
				PRODUCT_NAME = "$(TARGET_NAME)";
				SWIFT_EMIT_LOC_STRINGS = NO;
				SWIFT_VERSION = 5.0;
				TARGETED_DEVICE_FAMILY = "1,2";
				TEST_TARGET_NAME = CurrencyConverter;
			};
			name = Debug;
		};
		DC0404472924DE1700BAAB1A /* Release */ = {
			isa = XCBuildConfiguration;
			buildSettings = {
				ALWAYS_EMBED_SWIFT_STANDARD_LIBRARIES = YES;
				CODE_SIGN_STYLE = Automatic;
				CURRENT_PROJECT_VERSION = 1;
				DEVELOPMENT_TEAM = N455B9353D;
				GENERATE_INFOPLIST_FILE = YES;
				MARKETING_VERSION = 1.0;
				PRODUCT_BUNDLE_IDENTIFIER = com.binshakerr.CurrencyConverterUITests;
				PRODUCT_NAME = "$(TARGET_NAME)";
				SWIFT_EMIT_LOC_STRINGS = NO;
				SWIFT_VERSION = 5.0;
				TARGETED_DEVICE_FAMILY = "1,2";
				TEST_TARGET_NAME = CurrencyConverter;
			};
			name = Release;
		};
/* End XCBuildConfiguration section */

/* Begin XCConfigurationList section */
		DC0404102924DE1600BAAB1A /* Build configuration list for PBXProject "CurrencyConverter" */ = {
			isa = XCConfigurationList;
			buildConfigurations = (
				DC04043D2924DE1700BAAB1A /* Debug */,
				DC04043E2924DE1700BAAB1A /* Release */,
			);
			defaultConfigurationIsVisible = 0;
			defaultConfigurationName = Release;
		};
		DC04043F2924DE1700BAAB1A /* Build configuration list for PBXNativeTarget "CurrencyConverter" */ = {
			isa = XCConfigurationList;
			buildConfigurations = (
				DC0404402924DE1700BAAB1A /* Debug */,
				DC0404412924DE1700BAAB1A /* Release */,
			);
			defaultConfigurationIsVisible = 0;
			defaultConfigurationName = Release;
		};
		DC0404422924DE1700BAAB1A /* Build configuration list for PBXNativeTarget "CurrencyConverterTests" */ = {
			isa = XCConfigurationList;
			buildConfigurations = (
				DC0404432924DE1700BAAB1A /* Debug */,
				DC0404442924DE1700BAAB1A /* Release */,
			);
			defaultConfigurationIsVisible = 0;
			defaultConfigurationName = Release;
		};
		DC0404452924DE1700BAAB1A /* Build configuration list for PBXNativeTarget "CurrencyConverterUITests" */ = {
			isa = XCConfigurationList;
			buildConfigurations = (
				DC0404462924DE1700BAAB1A /* Debug */,
				DC0404472924DE1700BAAB1A /* Release */,
			);
			defaultConfigurationIsVisible = 0;
			defaultConfigurationName = Release;
		};
/* End XCConfigurationList section */
	};
	rootObject = DC04040D2924DE1600BAAB1A /* Project object */;
}
